// !$*UTF8*$!
{
	archiveVersion = 1;
	classes = {
	};
	objectVersion = 50;
	objects = {

/* Begin PBXBuildFile section */
		A60AA41A220A06410041C676 /* Intersection.swift in Sources */ = {isa = PBXBuildFile; fileRef = A60AA419220A06410041C676 /* Intersection.swift */; };
		A60AA41C220A07B10041C676 /* Angle.swift in Sources */ = {isa = PBXBuildFile; fileRef = A60AA41B220A07B10041C676 /* Angle.swift */; };
		A60AA41E220A0D950041C676 /* Line.swift in Sources */ = {isa = PBXBuildFile; fileRef = A60AA41D220A0D950041C676 /* Line.swift */; };
		A60AA47E220BFCC10041C676 /* VectorTests.swift in Sources */ = {isa = PBXBuildFile; fileRef = A60AA47D220BFCC10041C676 /* VectorTests.swift */; };
		A60AA480220BFCC10041C676 /* PathKit.framework in Frameworks */ = {isa = PBXBuildFile; fileRef = A6F885BD21F79C6700FFC5A1 /* PathKit.framework */; };
		A6391FB621FE8B3100CFF71C /* LineSegment.swift in Sources */ = {isa = PBXBuildFile; fileRef = A6391FB521FE8B3100CFF71C /* LineSegment.swift */; };
		A6F885C221F79C6700FFC5A1 /* PathKit.h in Headers */ = {isa = PBXBuildFile; fileRef = A6F885C021F79C6700FFC5A1 /* PathKit.h */; settings = {ATTRIBUTES = (Public, ); }; };
		A6FE5B6D21FAAFF1009CD767 /* Point.swift in Sources */ = {isa = PBXBuildFile; fileRef = A6FE5B6C21FAAFF1009CD767 /* Point.swift */; };
		A6FE5B6F21FAB1A8009CD767 /* Vector.swift in Sources */ = {isa = PBXBuildFile; fileRef = A6FE5B6E21FAB1A8009CD767 /* Vector.swift */; };
/* End PBXBuildFile section */

/* Begin PBXContainerItemProxy section */
		A60AA481220BFCC10041C676 /* PBXContainerItemProxy */ = {
			isa = PBXContainerItemProxy;
			containerPortal = A6F885B421F79C6700FFC5A1 /* Project object */;
			proxyType = 1;
			remoteGlobalIDString = A6F885BC21F79C6700FFC5A1;
			remoteInfo = PathKit;
		};
/* End PBXContainerItemProxy section */

/* Begin PBXFileReference section */
		A60AA419220A06410041C676 /* Intersection.swift */ = {isa = PBXFileReference; lastKnownFileType = sourcecode.swift; path = Intersection.swift; sourceTree = "<group>"; };
		A60AA41B220A07B10041C676 /* Angle.swift */ = {isa = PBXFileReference; lastKnownFileType = sourcecode.swift; path = Angle.swift; sourceTree = "<group>"; };
		A60AA41D220A0D950041C676 /* Line.swift */ = {isa = PBXFileReference; lastKnownFileType = sourcecode.swift; path = Line.swift; sourceTree = "<group>"; };
		A60AA47B220BFCC10041C676 /* PathKitTests.xctest */ = {isa = PBXFileReference; explicitFileType = wrapper.cfbundle; includeInIndex = 0; path = PathKitTests.xctest; sourceTree = BUILT_PRODUCTS_DIR; };
		A60AA47D220BFCC10041C676 /* VectorTests.swift */ = {isa = PBXFileReference; lastKnownFileType = sourcecode.swift; path = VectorTests.swift; sourceTree = "<group>"; };
		A60AA47F220BFCC10041C676 /* Info.plist */ = {isa = PBXFileReference; lastKnownFileType = text.plist.xml; path = Info.plist; sourceTree = "<group>"; };
		A6391FB521FE8B3100CFF71C /* LineSegment.swift */ = {isa = PBXFileReference; lastKnownFileType = sourcecode.swift; path = LineSegment.swift; sourceTree = "<group>"; };
		A6F885BD21F79C6700FFC5A1 /* PathKit.framework */ = {isa = PBXFileReference; explicitFileType = wrapper.framework; includeInIndex = 0; path = PathKit.framework; sourceTree = BUILT_PRODUCTS_DIR; };
		A6F885C021F79C6700FFC5A1 /* PathKit.h */ = {isa = PBXFileReference; lastKnownFileType = sourcecode.c.h; path = PathKit.h; sourceTree = "<group>"; };
		A6F885C121F79C6700FFC5A1 /* Info.plist */ = {isa = PBXFileReference; lastKnownFileType = text.plist.xml; path = Info.plist; sourceTree = "<group>"; };
		A6FE5B6C21FAAFF1009CD767 /* Point.swift */ = {isa = PBXFileReference; lastKnownFileType = sourcecode.swift; path = Point.swift; sourceTree = "<group>"; };
		A6FE5B6E21FAB1A8009CD767 /* Vector.swift */ = {isa = PBXFileReference; lastKnownFileType = sourcecode.swift; path = Vector.swift; sourceTree = "<group>"; };
/* End PBXFileReference section */

/* Begin PBXFrameworksBuildPhase section */
		A60AA478220BFCC10041C676 /* Frameworks */ = {
			isa = PBXFrameworksBuildPhase;
			buildActionMask = 2147483647;
			files = (
				A60AA480220BFCC10041C676 /* PathKit.framework in Frameworks */,
			);
			runOnlyForDeploymentPostprocessing = 0;
		};
		A6F885BA21F79C6700FFC5A1 /* Frameworks */ = {
			isa = PBXFrameworksBuildPhase;
			buildActionMask = 2147483647;
			files = (
			);
			runOnlyForDeploymentPostprocessing = 0;
		};
/* End PBXFrameworksBuildPhase section */

/* Begin PBXGroup section */
		A60AA47C220BFCC10041C676 /* PathKitTests */ = {
			isa = PBXGroup;
			children = (
				A60AA47D220BFCC10041C676 /* VectorTests.swift */,
				A60AA47F220BFCC10041C676 /* Info.plist */,
			);
			path = PathKitTests;
			sourceTree = "<group>";
		};
		A60AA486220BFD640041C676 /* Tests */ = {
			isa = PBXGroup;
			children = (
				A60AA47C220BFCC10041C676 /* PathKitTests */,
			);
			path = Tests;
			sourceTree = "<group>";
		};
		A6F885B321F79C6700FFC5A1 = {
			isa = PBXGroup;
			children = (
				A6F885C821F79CA800FFC5A1 /* MetaData */,
				A6F885BE21F79C6700FFC5A1 /* Products */,
				A6FE5B6B21FAAFCB009CD767 /* Sources */,
				A60AA486220BFD640041C676 /* Tests */,
			);
			sourceTree = "<group>";
		};
		A6F885BE21F79C6700FFC5A1 /* Products */ = {
			isa = PBXGroup;
			children = (
				A6F885BD21F79C6700FFC5A1 /* PathKit.framework */,
				A60AA47B220BFCC10041C676 /* PathKitTests.xctest */,
			);
			name = Products;
			sourceTree = "<group>";
		};
		A6F885BF21F79C6700FFC5A1 /* PathKit */ = {
			isa = PBXGroup;
			children = (
				A6F885C021F79C6700FFC5A1 /* PathKit.h */,
				A60AA41B220A07B10041C676 /* Angle.swift */,
				A60AA419220A06410041C676 /* Intersection.swift */,
				A60AA41D220A0D950041C676 /* Line.swift */,
				A6391FB521FE8B3100CFF71C /* LineSegment.swift */,
				A6FE5B6C21FAAFF1009CD767 /* Point.swift */,
				A6FE5B6E21FAB1A8009CD767 /* Vector.swift */,
			);
			path = PathKit;
			sourceTree = "<group>";
		};
		A6F885C821F79CA800FFC5A1 /* MetaData */ = {
			isa = PBXGroup;
			children = (
				A6F885C121F79C6700FFC5A1 /* Info.plist */,
			);
			path = MetaData;
			sourceTree = "<group>";
		};
		A6FE5B6B21FAAFCB009CD767 /* Sources */ = {
			isa = PBXGroup;
			children = (
				A6F885BF21F79C6700FFC5A1 /* PathKit */,
			);
			path = Sources;
			sourceTree = "<group>";
		};
/* End PBXGroup section */

/* Begin PBXHeadersBuildPhase section */
		A6F885B821F79C6700FFC5A1 /* Headers */ = {
			isa = PBXHeadersBuildPhase;
			buildActionMask = 2147483647;
			files = (
				A6F885C221F79C6700FFC5A1 /* PathKit.h in Headers */,
			);
			runOnlyForDeploymentPostprocessing = 0;
		};
/* End PBXHeadersBuildPhase section */

/* Begin PBXNativeTarget section */
		A60AA47A220BFCC10041C676 /* PathKitTests */ = {
			isa = PBXNativeTarget;
			buildConfigurationList = A60AA485220BFCC10041C676 /* Build configuration list for PBXNativeTarget "PathKitTests" */;
			buildPhases = (
				A60AA477220BFCC10041C676 /* Sources */,
				A60AA478220BFCC10041C676 /* Frameworks */,
				A60AA479220BFCC10041C676 /* Resources */,
			);
			buildRules = (
			);
			dependencies = (
				A60AA482220BFCC10041C676 /* PBXTargetDependency */,
			);
			name = PathKitTests;
			productName = PathKitTests;
			productReference = A60AA47B220BFCC10041C676 /* PathKitTests.xctest */;
			productType = "com.apple.product-type.bundle.unit-test";
		};
		A6F885BC21F79C6700FFC5A1 /* PathKit */ = {
			isa = PBXNativeTarget;
			buildConfigurationList = A6F885C521F79C6700FFC5A1 /* Build configuration list for PBXNativeTarget "PathKit" */;
			buildPhases = (
				A6F885B821F79C6700FFC5A1 /* Headers */,
				A6F885B921F79C6700FFC5A1 /* Sources */,
				A6F885BA21F79C6700FFC5A1 /* Frameworks */,
				A6F885BB21F79C6700FFC5A1 /* Resources */,
			);
			buildRules = (
			);
			dependencies = (
			);
			name = PathKit;
			productName = PathKit;
			productReference = A6F885BD21F79C6700FFC5A1 /* PathKit.framework */;
			productType = "com.apple.product-type.framework";
		};
/* End PBXNativeTarget section */

/* Begin PBXProject section */
		A6F885B421F79C6700FFC5A1 /* Project object */ = {
			isa = PBXProject;
			attributes = {
				LastSwiftUpdateCheck = 1010;
				LastUpgradeCheck = 1010;
				ORGANIZATIONNAME = "JABT Labs";
				TargetAttributes = {
					A60AA47A220BFCC10041C676 = {
						CreatedOnToolsVersion = 10.1;
					};
					A6F885BC21F79C6700FFC5A1 = {
						CreatedOnToolsVersion = 10.1;
						LastSwiftMigration = 1010;
					};
				};
			};
			buildConfigurationList = A6F885B721F79C6700FFC5A1 /* Build configuration list for PBXProject "PathKit" */;
			compatibilityVersion = "Xcode 9.3";
			developmentRegion = en;
			hasScannedForEncodings = 0;
			knownRegions = (
				en,
			);
			mainGroup = A6F885B321F79C6700FFC5A1;
			productRefGroup = A6F885BE21F79C6700FFC5A1 /* Products */;
			projectDirPath = "";
			projectRoot = "";
			targets = (
				A6F885BC21F79C6700FFC5A1 /* PathKit */,
				A60AA47A220BFCC10041C676 /* PathKitTests */,
			);
		};
/* End PBXProject section */

/* Begin PBXResourcesBuildPhase section */
		A60AA479220BFCC10041C676 /* Resources */ = {
			isa = PBXResourcesBuildPhase;
			buildActionMask = 2147483647;
			files = (
			);
			runOnlyForDeploymentPostprocessing = 0;
		};
		A6F885BB21F79C6700FFC5A1 /* Resources */ = {
			isa = PBXResourcesBuildPhase;
			buildActionMask = 2147483647;
			files = (
			);
			runOnlyForDeploymentPostprocessing = 0;
		};
/* End PBXResourcesBuildPhase section */

/* Begin PBXSourcesBuildPhase section */
		A60AA477220BFCC10041C676 /* Sources */ = {
			isa = PBXSourcesBuildPhase;
			buildActionMask = 2147483647;
			files = (
				A60AA47E220BFCC10041C676 /* VectorTests.swift in Sources */,
			);
			runOnlyForDeploymentPostprocessing = 0;
		};
		A6F885B921F79C6700FFC5A1 /* Sources */ = {
			isa = PBXSourcesBuildPhase;
			buildActionMask = 2147483647;
			files = (
				A6391FB621FE8B3100CFF71C /* LineSegment.swift in Sources */,
				A60AA41A220A06410041C676 /* Intersection.swift in Sources */,
				A60AA41C220A07B10041C676 /* Angle.swift in Sources */,
				A60AA41E220A0D950041C676 /* Line.swift in Sources */,
				A6FE5B6F21FAB1A8009CD767 /* Vector.swift in Sources */,
				A6FE5B6D21FAAFF1009CD767 /* Point.swift in Sources */,
			);
			runOnlyForDeploymentPostprocessing = 0;
		};
/* End PBXSourcesBuildPhase section */

/* Begin PBXTargetDependency section */
		A60AA482220BFCC10041C676 /* PBXTargetDependency */ = {
			isa = PBXTargetDependency;
			target = A6F885BC21F79C6700FFC5A1 /* PathKit */;
			targetProxy = A60AA481220BFCC10041C676 /* PBXContainerItemProxy */;
		};
/* End PBXTargetDependency section */

/* Begin XCBuildConfiguration section */
		A60AA483220BFCC10041C676 /* Debug */ = {
			isa = XCBuildConfiguration;
			buildSettings = {
				CODE_SIGN_IDENTITY = "Mac Developer";
				CODE_SIGN_STYLE = Automatic;
				COMBINE_HIDPI_IMAGES = YES;
				DEVELOPMENT_TEAM = G3GED29J33;
				INFOPLIST_FILE = Tests/PathKitTests/Info.plist;
				LD_RUNPATH_SEARCH_PATHS = (
					"$(inherited)",
					"@executable_path/../Frameworks",
					"@loader_path/../Frameworks",
				);
				PRODUCT_BUNDLE_IDENTIFIER = com.jabt.PathKitTests;
				PRODUCT_NAME = "$(TARGET_NAME)";
				PROVISIONING_PROFILE_SPECIFIER = "";
				SWIFT_VERSION = 4.2;
			};
			name = Debug;
		};
		A60AA484220BFCC10041C676 /* Release */ = {
			isa = XCBuildConfiguration;
			buildSettings = {
				CODE_SIGN_IDENTITY = "Mac Developer";
				CODE_SIGN_STYLE = Automatic;
				COMBINE_HIDPI_IMAGES = YES;
				DEVELOPMENT_TEAM = G3GED29J33;
				INFOPLIST_FILE = Tests/PathKitTests/Info.plist;
				LD_RUNPATH_SEARCH_PATHS = (
					"$(inherited)",
					"@executable_path/../Frameworks",
					"@loader_path/../Frameworks",
				);
				PRODUCT_BUNDLE_IDENTIFIER = com.jabt.PathKitTests;
				PRODUCT_NAME = "$(TARGET_NAME)";
				PROVISIONING_PROFILE_SPECIFIER = "";
				SWIFT_VERSION = 4.2;
			};
			name = Release;
		};
		A6F885C321F79C6700FFC5A1 /* Debug */ = {
			isa = XCBuildConfiguration;
			buildSettings = {
				ALWAYS_SEARCH_USER_PATHS = NO;
				CLANG_ANALYZER_NONNULL = YES;
				CLANG_ANALYZER_NUMBER_OBJECT_CONVERSION = YES_AGGRESSIVE;
				CLANG_CXX_LANGUAGE_STANDARD = "gnu++14";
				CLANG_CXX_LIBRARY = "libc++";
				CLANG_ENABLE_MODULES = YES;
				CLANG_ENABLE_OBJC_ARC = YES;
				CLANG_ENABLE_OBJC_WEAK = YES;
				CLANG_WARN_BLOCK_CAPTURE_AUTORELEASING = YES;
				CLANG_WARN_BOOL_CONVERSION = YES;
				CLANG_WARN_COMMA = YES;
				CLANG_WARN_CONSTANT_CONVERSION = YES;
				CLANG_WARN_DEPRECATED_OBJC_IMPLEMENTATIONS = YES;
				CLANG_WARN_DIRECT_OBJC_ISA_USAGE = YES_ERROR;
				CLANG_WARN_DOCUMENTATION_COMMENTS = YES;
				CLANG_WARN_EMPTY_BODY = YES;
				CLANG_WARN_ENUM_CONVERSION = YES;
				CLANG_WARN_INFINITE_RECURSION = YES;
				CLANG_WARN_INT_CONVERSION = YES;
				CLANG_WARN_NON_LITERAL_NULL_CONVERSION = YES;
				CLANG_WARN_OBJC_IMPLICIT_RETAIN_SELF = YES;
				CLANG_WARN_OBJC_LITERAL_CONVERSION = YES;
				CLANG_WARN_OBJC_ROOT_CLASS = YES_ERROR;
				CLANG_WARN_RANGE_LOOP_ANALYSIS = YES;
				CLANG_WARN_STRICT_PROTOTYPES = YES;
				CLANG_WARN_SUSPICIOUS_MOVE = YES;
				CLANG_WARN_UNGUARDED_AVAILABILITY = YES_AGGRESSIVE;
				CLANG_WARN_UNREACHABLE_CODE = YES;
				CLANG_WARN__DUPLICATE_METHOD_MATCH = YES;
				CODE_SIGN_IDENTITY = "Mac Developer";
				COPY_PHASE_STRIP = NO;
				CURRENT_PROJECT_VERSION = 1;
				DEBUG_INFORMATION_FORMAT = dwarf;
				ENABLE_STRICT_OBJC_MSGSEND = YES;
				ENABLE_TESTABILITY = YES;
				GCC_C_LANGUAGE_STANDARD = gnu11;
				GCC_DYNAMIC_NO_PIC = NO;
				GCC_NO_COMMON_BLOCKS = YES;
				GCC_OPTIMIZATION_LEVEL = 0;
				GCC_PREPROCESSOR_DEFINITIONS = (
					"DEBUG=1",
					"$(inherited)",
				);
				GCC_WARN_64_TO_32_BIT_CONVERSION = YES;
				GCC_WARN_ABOUT_RETURN_TYPE = YES_ERROR;
				GCC_WARN_UNDECLARED_SELECTOR = YES;
				GCC_WARN_UNINITIALIZED_AUTOS = YES_AGGRESSIVE;
				GCC_WARN_UNUSED_FUNCTION = YES;
				GCC_WARN_UNUSED_VARIABLE = YES;
				MACOSX_DEPLOYMENT_TARGET = 10.14;
				MTL_ENABLE_DEBUG_INFO = INCLUDE_SOURCE;
				MTL_FAST_MATH = YES;
				ONLY_ACTIVE_ARCH = YES;
				SDKROOT = macosx;
				SWIFT_ACTIVE_COMPILATION_CONDITIONS = DEBUG;
				SWIFT_OPTIMIZATION_LEVEL = "-Onone";
				VERSIONING_SYSTEM = "apple-generic";
				VERSION_INFO_PREFIX = "";
			};
			name = Debug;
		};
		A6F885C421F79C6700FFC5A1 /* Release */ = {
			isa = XCBuildConfiguration;
			buildSettings = {
				ALWAYS_SEARCH_USER_PATHS = NO;
				CLANG_ANALYZER_NONNULL = YES;
				CLANG_ANALYZER_NUMBER_OBJECT_CONVERSION = YES_AGGRESSIVE;
				CLANG_CXX_LANGUAGE_STANDARD = "gnu++14";
				CLANG_CXX_LIBRARY = "libc++";
				CLANG_ENABLE_MODULES = YES;
				CLANG_ENABLE_OBJC_ARC = YES;
				CLANG_ENABLE_OBJC_WEAK = YES;
				CLANG_WARN_BLOCK_CAPTURE_AUTORELEASING = YES;
				CLANG_WARN_BOOL_CONVERSION = YES;
				CLANG_WARN_COMMA = YES;
				CLANG_WARN_CONSTANT_CONVERSION = YES;
				CLANG_WARN_DEPRECATED_OBJC_IMPLEMENTATIONS = YES;
				CLANG_WARN_DIRECT_OBJC_ISA_USAGE = YES_ERROR;
				CLANG_WARN_DOCUMENTATION_COMMENTS = YES;
				CLANG_WARN_EMPTY_BODY = YES;
				CLANG_WARN_ENUM_CONVERSION = YES;
				CLANG_WARN_INFINITE_RECURSION = YES;
				CLANG_WARN_INT_CONVERSION = YES;
				CLANG_WARN_NON_LITERAL_NULL_CONVERSION = YES;
				CLANG_WARN_OBJC_IMPLICIT_RETAIN_SELF = YES;
				CLANG_WARN_OBJC_LITERAL_CONVERSION = YES;
				CLANG_WARN_OBJC_ROOT_CLASS = YES_ERROR;
				CLANG_WARN_RANGE_LOOP_ANALYSIS = YES;
				CLANG_WARN_STRICT_PROTOTYPES = YES;
				CLANG_WARN_SUSPICIOUS_MOVE = YES;
				CLANG_WARN_UNGUARDED_AVAILABILITY = YES_AGGRESSIVE;
				CLANG_WARN_UNREACHABLE_CODE = YES;
				CLANG_WARN__DUPLICATE_METHOD_MATCH = YES;
				CODE_SIGN_IDENTITY = "Mac Developer";
				COPY_PHASE_STRIP = NO;
				CURRENT_PROJECT_VERSION = 1;
				DEBUG_INFORMATION_FORMAT = "dwarf-with-dsym";
				ENABLE_NS_ASSERTIONS = NO;
				ENABLE_STRICT_OBJC_MSGSEND = YES;
				GCC_C_LANGUAGE_STANDARD = gnu11;
				GCC_NO_COMMON_BLOCKS = YES;
				GCC_WARN_64_TO_32_BIT_CONVERSION = YES;
				GCC_WARN_ABOUT_RETURN_TYPE = YES_ERROR;
				GCC_WARN_UNDECLARED_SELECTOR = YES;
				GCC_WARN_UNINITIALIZED_AUTOS = YES_AGGRESSIVE;
				GCC_WARN_UNUSED_FUNCTION = YES;
				GCC_WARN_UNUSED_VARIABLE = YES;
				MACOSX_DEPLOYMENT_TARGET = 10.14;
				MTL_ENABLE_DEBUG_INFO = NO;
				MTL_FAST_MATH = YES;
				SDKROOT = macosx;
				SWIFT_COMPILATION_MODE = wholemodule;
				SWIFT_OPTIMIZATION_LEVEL = "-O";
				VERSIONING_SYSTEM = "apple-generic";
				VERSION_INFO_PREFIX = "";
			};
			name = Release;
		};
		A6F885C621F79C6700FFC5A1 /* Debug */ = {
			isa = XCBuildConfiguration;
			buildSettings = {
				CLANG_ENABLE_MODULES = YES;
				CODE_SIGN_IDENTITY = "Mac Developer";
				CODE_SIGN_STYLE = Automatic;
				COMBINE_HIDPI_IMAGES = YES;
				DEFINES_MODULE = YES;
				DEVELOPMENT_TEAM = G3GED29J33;
				DYLIB_COMPATIBILITY_VERSION = 1;
				DYLIB_CURRENT_VERSION = 1;
				DYLIB_INSTALL_NAME_BASE = "@rpath";
				FRAMEWORK_VERSION = A;
				INFOPLIST_FILE = "$(SRCROOT)/MetaData/Info.plist";
				INSTALL_PATH = "$(LOCAL_LIBRARY_DIR)/Frameworks";
				LD_RUNPATH_SEARCH_PATHS = (
					"$(inherited)",
					"@executable_path/../Frameworks",
					"@loader_path/Frameworks",
				);
				PRODUCT_BUNDLE_IDENTIFIER = com.jabt.PathKit;
				PRODUCT_NAME = "$(TARGET_NAME:c99extidentifier)";
				PROVISIONING_PROFILE_SPECIFIER = "";
				SKIP_INSTALL = YES;
				SWIFT_OPTIMIZATION_LEVEL = "-Onone";
				SWIFT_VERSION = 4.2;
			};
			name = Debug;
		};
		A6F885C721F79C6700FFC5A1 /* Release */ = {
			isa = XCBuildConfiguration;
			buildSettings = {
				CLANG_ENABLE_MODULES = YES;
				CODE_SIGN_IDENTITY = "Mac Developer";
				CODE_SIGN_STYLE = Automatic;
				COMBINE_HIDPI_IMAGES = YES;
				DEFINES_MODULE = YES;
				DEVELOPMENT_TEAM = G3GED29J33;
				DYLIB_COMPATIBILITY_VERSION = 1;
				DYLIB_CURRENT_VERSION = 1;
				DYLIB_INSTALL_NAME_BASE = "@rpath";
				FRAMEWORK_VERSION = A;
				INFOPLIST_FILE = "$(SRCROOT)/MetaData/Info.plist";
				INSTALL_PATH = "$(LOCAL_LIBRARY_DIR)/Frameworks";
				LD_RUNPATH_SEARCH_PATHS = (
					"$(inherited)",
					"@executable_path/../Frameworks",
					"@loader_path/Frameworks",
				);
				PRODUCT_BUNDLE_IDENTIFIER = com.jabt.PathKit;
				PRODUCT_NAME = "$(TARGET_NAME:c99extidentifier)";
				PROVISIONING_PROFILE_SPECIFIER = "";
				SKIP_INSTALL = YES;
				SWIFT_VERSION = 4.2;
			};
			name = Release;
		};
/* End XCBuildConfiguration section */

/* Begin XCConfigurationList section */
		A60AA485220BFCC10041C676 /* Build configuration list for PBXNativeTarget "PathKitTests" */ = {
			isa = XCConfigurationList;
			buildConfigurations = (
				A60AA483220BFCC10041C676 /* Debug */,
				A60AA484220BFCC10041C676 /* Release */,
			);
			defaultConfigurationIsVisible = 0;
			defaultConfigurationName = Release;
		};
		A6F885B721F79C6700FFC5A1 /* Build configuration list for PBXProject "PathKit" */ = {
			isa = XCConfigurationList;
			buildConfigurations = (
				A6F885C321F79C6700FFC5A1 /* Debug */,
				A6F885C421F79C6700FFC5A1 /* Release */,
			);
			defaultConfigurationIsVisible = 0;
			defaultConfigurationName = Release;
		};
		A6F885C521F79C6700FFC5A1 /* Build configuration list for PBXNativeTarget "PathKit" */ = {
			isa = XCConfigurationList;
			buildConfigurations = (
				A6F885C621F79C6700FFC5A1 /* Debug */,
				A6F885C721F79C6700FFC5A1 /* Release */,
			);
			defaultConfigurationIsVisible = 0;
			defaultConfigurationName = Release;
		};
/* End XCConfigurationList section */
	};
	rootObject = A6F885B421F79C6700FFC5A1 /* Project object */;
}
