// !$*UTF8*$!
{
	archiveVersion = 1;
	classes = {
	};
	objectVersion = 50;
	objects = {

/* Begin PBXBuildFile section */
		9FE96117220D596700D5F0A9 /* PathKit_OSX.framework in Frameworks */ = {isa = PBXBuildFile; fileRef = 9FE9610E220D596700D5F0A9 /* PathKit_OSX.framework */; };
		9FE9611E220D596700D5F0A9 /* PathKit.h in Headers */ = {isa = PBXBuildFile; fileRef = 9FE96110220D596700D5F0A9 /* PathKit.h */; settings = {ATTRIBUTES = (Public, ); }; };
		9FE96125220D598700D5F0A9 /* Angle.swift in Sources */ = {isa = PBXBuildFile; fileRef = A60AA41B220A07B10041C676 /* Angle.swift */; };
		9FE96126220D598700D5F0A9 /* Intersection.swift in Sources */ = {isa = PBXBuildFile; fileRef = A60AA419220A06410041C676 /* Intersection.swift */; };
		9FE96127220D598700D5F0A9 /* Line.swift in Sources */ = {isa = PBXBuildFile; fileRef = A60AA41D220A0D950041C676 /* Line.swift */; };
		9FE96128220D598700D5F0A9 /* LineSegment.swift in Sources */ = {isa = PBXBuildFile; fileRef = A6391FB521FE8B3100CFF71C /* LineSegment.swift */; };
		9FE96129220D598700D5F0A9 /* Point.swift in Sources */ = {isa = PBXBuildFile; fileRef = A6FE5B6C21FAAFF1009CD767 /* Point.swift */; };
		9FE9612A220D598700D5F0A9 /* Vector.swift in Sources */ = {isa = PBXBuildFile; fileRef = A6FE5B6E21FAB1A8009CD767 /* Vector.swift */; };
		9FE9612B220D598800D5F0A9 /* Angle.swift in Sources */ = {isa = PBXBuildFile; fileRef = A60AA41B220A07B10041C676 /* Angle.swift */; };
		9FE9612C220D598800D5F0A9 /* Intersection.swift in Sources */ = {isa = PBXBuildFile; fileRef = A60AA419220A06410041C676 /* Intersection.swift */; };
		9FE9612D220D598800D5F0A9 /* Line.swift in Sources */ = {isa = PBXBuildFile; fileRef = A60AA41D220A0D950041C676 /* Line.swift */; };
		9FE9612E220D598800D5F0A9 /* LineSegment.swift in Sources */ = {isa = PBXBuildFile; fileRef = A6391FB521FE8B3100CFF71C /* LineSegment.swift */; };
		9FE9612F220D598800D5F0A9 /* Point.swift in Sources */ = {isa = PBXBuildFile; fileRef = A6FE5B6C21FAAFF1009CD767 /* Point.swift */; };
		9FE96130220D598800D5F0A9 /* Vector.swift in Sources */ = {isa = PBXBuildFile; fileRef = A6FE5B6E21FAB1A8009CD767 /* Vector.swift */; };
		9FE96131220D599100D5F0A9 /* VectorTests.swift in Sources */ = {isa = PBXBuildFile; fileRef = A60AA47D220BFCC10041C676 /* VectorTests.swift */; };
		9FE96140220D59CD00D5F0A9 /* PathKit_tvOS.framework in Frameworks */ = {isa = PBXBuildFile; fileRef = 9FE96137220D59CD00D5F0A9 /* PathKit_tvOS.framework */; };
		9FE9614E220D59ED00D5F0A9 /* Angle.swift in Sources */ = {isa = PBXBuildFile; fileRef = A60AA41B220A07B10041C676 /* Angle.swift */; };
		9FE9614F220D59ED00D5F0A9 /* Intersection.swift in Sources */ = {isa = PBXBuildFile; fileRef = A60AA419220A06410041C676 /* Intersection.swift */; };
		9FE96150220D59ED00D5F0A9 /* Line.swift in Sources */ = {isa = PBXBuildFile; fileRef = A60AA41D220A0D950041C676 /* Line.swift */; };
		9FE96151220D59ED00D5F0A9 /* LineSegment.swift in Sources */ = {isa = PBXBuildFile; fileRef = A6391FB521FE8B3100CFF71C /* LineSegment.swift */; };
		9FE96152220D59ED00D5F0A9 /* Point.swift in Sources */ = {isa = PBXBuildFile; fileRef = A6FE5B6C21FAAFF1009CD767 /* Point.swift */; };
		9FE96153220D59ED00D5F0A9 /* Vector.swift in Sources */ = {isa = PBXBuildFile; fileRef = A6FE5B6E21FAB1A8009CD767 /* Vector.swift */; };
		9FE96154220D59EE00D5F0A9 /* Angle.swift in Sources */ = {isa = PBXBuildFile; fileRef = A60AA41B220A07B10041C676 /* Angle.swift */; };
		9FE96155220D59EE00D5F0A9 /* Intersection.swift in Sources */ = {isa = PBXBuildFile; fileRef = A60AA419220A06410041C676 /* Intersection.swift */; };
		9FE96156220D59EE00D5F0A9 /* Line.swift in Sources */ = {isa = PBXBuildFile; fileRef = A60AA41D220A0D950041C676 /* Line.swift */; };
		9FE96157220D59EE00D5F0A9 /* LineSegment.swift in Sources */ = {isa = PBXBuildFile; fileRef = A6391FB521FE8B3100CFF71C /* LineSegment.swift */; };
		9FE96158220D59EE00D5F0A9 /* Point.swift in Sources */ = {isa = PBXBuildFile; fileRef = A6FE5B6C21FAAFF1009CD767 /* Point.swift */; };
		9FE96159220D59EE00D5F0A9 /* Vector.swift in Sources */ = {isa = PBXBuildFile; fileRef = A6FE5B6E21FAB1A8009CD767 /* Vector.swift */; };
		9FE9615A220D59F100D5F0A9 /* VectorTests.swift in Sources */ = {isa = PBXBuildFile; fileRef = A60AA47D220BFCC10041C676 /* VectorTests.swift */; };
		9FE96176220D5AF600D5F0A9 /* PathKit_iOS.framework in Frameworks */ = {isa = PBXBuildFile; fileRef = 9FE9616D220D5AF600D5F0A9 /* PathKit_iOS.framework */; };
		9FE96184220D5AFB00D5F0A9 /* Angle.swift in Sources */ = {isa = PBXBuildFile; fileRef = A60AA41B220A07B10041C676 /* Angle.swift */; };
		9FE96185220D5AFB00D5F0A9 /* Intersection.swift in Sources */ = {isa = PBXBuildFile; fileRef = A60AA419220A06410041C676 /* Intersection.swift */; };
		9FE96186220D5AFB00D5F0A9 /* Line.swift in Sources */ = {isa = PBXBuildFile; fileRef = A60AA41D220A0D950041C676 /* Line.swift */; };
		9FE96187220D5AFB00D5F0A9 /* LineSegment.swift in Sources */ = {isa = PBXBuildFile; fileRef = A6391FB521FE8B3100CFF71C /* LineSegment.swift */; };
		9FE96188220D5AFB00D5F0A9 /* Point.swift in Sources */ = {isa = PBXBuildFile; fileRef = A6FE5B6C21FAAFF1009CD767 /* Point.swift */; };
		9FE96189220D5AFB00D5F0A9 /* Vector.swift in Sources */ = {isa = PBXBuildFile; fileRef = A6FE5B6E21FAB1A8009CD767 /* Vector.swift */; };
		9FE9618A220D5AFC00D5F0A9 /* Angle.swift in Sources */ = {isa = PBXBuildFile; fileRef = A60AA41B220A07B10041C676 /* Angle.swift */; };
		9FE9618B220D5AFC00D5F0A9 /* Intersection.swift in Sources */ = {isa = PBXBuildFile; fileRef = A60AA419220A06410041C676 /* Intersection.swift */; };
		9FE9618C220D5AFC00D5F0A9 /* Line.swift in Sources */ = {isa = PBXBuildFile; fileRef = A60AA41D220A0D950041C676 /* Line.swift */; };
		9FE9618D220D5AFC00D5F0A9 /* LineSegment.swift in Sources */ = {isa = PBXBuildFile; fileRef = A6391FB521FE8B3100CFF71C /* LineSegment.swift */; };
		9FE9618E220D5AFC00D5F0A9 /* Point.swift in Sources */ = {isa = PBXBuildFile; fileRef = A6FE5B6C21FAAFF1009CD767 /* Point.swift */; };
		9FE9618F220D5AFC00D5F0A9 /* Vector.swift in Sources */ = {isa = PBXBuildFile; fileRef = A6FE5B6E21FAB1A8009CD767 /* Vector.swift */; };
		9FE96190220D5AFF00D5F0A9 /* VectorTests.swift in Sources */ = {isa = PBXBuildFile; fileRef = A60AA47D220BFCC10041C676 /* VectorTests.swift */; };
		A605055F225030F90054356F /* Overlap.swift in Sources */ = {isa = PBXBuildFile; fileRef = A605055E225030F90054356F /* Overlap.swift */; };
		A6050560225030F90054356F /* Overlap.swift in Sources */ = {isa = PBXBuildFile; fileRef = A605055E225030F90054356F /* Overlap.swift */; };
		A6050561225030F90054356F /* Overlap.swift in Sources */ = {isa = PBXBuildFile; fileRef = A605055E225030F90054356F /* Overlap.swift */; };
		A6050562225031080054356F /* Overlap.swift in Sources */ = {isa = PBXBuildFile; fileRef = A605055E225030F90054356F /* Overlap.swift */; };
		A6050563225031090054356F /* Overlap.swift in Sources */ = {isa = PBXBuildFile; fileRef = A605055E225030F90054356F /* Overlap.swift */; };
		A60505642250310A0054356F /* Overlap.swift in Sources */ = {isa = PBXBuildFile; fileRef = A605055E225030F90054356F /* Overlap.swift */; };
		A6050567225055450054356F /* Double+Extensions.swift in Sources */ = {isa = PBXBuildFile; fileRef = A6050566225055450054356F /* Double+Extensions.swift */; };
		A6050568225055450054356F /* Double+Extensions.swift in Sources */ = {isa = PBXBuildFile; fileRef = A6050566225055450054356F /* Double+Extensions.swift */; };
		A6050569225055450054356F /* Double+Extensions.swift in Sources */ = {isa = PBXBuildFile; fileRef = A6050566225055450054356F /* Double+Extensions.swift */; };
		A605056B225055770054356F /* ClosedRange+Extension.swift in Sources */ = {isa = PBXBuildFile; fileRef = A605056A225055770054356F /* ClosedRange+Extension.swift */; };
		A605056C225055770054356F /* ClosedRange+Extension.swift in Sources */ = {isa = PBXBuildFile; fileRef = A605056A225055770054356F /* ClosedRange+Extension.swift */; };
		A605056D225055770054356F /* ClosedRange+Extension.swift in Sources */ = {isa = PBXBuildFile; fileRef = A605056A225055770054356F /* ClosedRange+Extension.swift */; };
		A605056F225055950054356F /* Array+Extension.swift in Sources */ = {isa = PBXBuildFile; fileRef = A605056E225055950054356F /* Array+Extension.swift */; };
		A6050570225055950054356F /* Array+Extension.swift in Sources */ = {isa = PBXBuildFile; fileRef = A605056E225055950054356F /* Array+Extension.swift */; };
		A6050571225055950054356F /* Array+Extension.swift in Sources */ = {isa = PBXBuildFile; fileRef = A605056E225055950054356F /* Array+Extension.swift */; };
		A6050572225055950054356F /* Array+Extension.swift in Sources */ = {isa = PBXBuildFile; fileRef = A605056E225055950054356F /* Array+Extension.swift */; };
		A6050573225055950054356F /* Array+Extension.swift in Sources */ = {isa = PBXBuildFile; fileRef = A605056E225055950054356F /* Array+Extension.swift */; };
		A6050574225055AE0054356F /* Double+Extensions.swift in Sources */ = {isa = PBXBuildFile; fileRef = A6050566225055450054356F /* Double+Extensions.swift */; };
		A6050575225055AE0054356F /* Double+Extensions.swift in Sources */ = {isa = PBXBuildFile; fileRef = A6050566225055450054356F /* Double+Extensions.swift */; };
		A6050576225055AF0054356F /* Double+Extensions.swift in Sources */ = {isa = PBXBuildFile; fileRef = A6050566225055450054356F /* Double+Extensions.swift */; };
		A6050577225055B20054356F /* ClosedRange+Extension.swift in Sources */ = {isa = PBXBuildFile; fileRef = A605056A225055770054356F /* ClosedRange+Extension.swift */; };
		A6050578225055B30054356F /* ClosedRange+Extension.swift in Sources */ = {isa = PBXBuildFile; fileRef = A605056A225055770054356F /* ClosedRange+Extension.swift */; };
		A6050579225055B40054356F /* ClosedRange+Extension.swift in Sources */ = {isa = PBXBuildFile; fileRef = A605056A225055770054356F /* ClosedRange+Extension.swift */; };
		A605057A225055B70054356F /* Array+Extension.swift in Sources */ = {isa = PBXBuildFile; fileRef = A605056E225055950054356F /* Array+Extension.swift */; };
		A60505AB2255AFC10054356F /* BezierCurve.swift in Sources */ = {isa = PBXBuildFile; fileRef = A60505AA2255AFC10054356F /* BezierCurve.swift */; };
		A60505AC2255AFC10054356F /* BezierCurve.swift in Sources */ = {isa = PBXBuildFile; fileRef = A60505AA2255AFC10054356F /* BezierCurve.swift */; };
		A60505AD2255AFC10054356F /* BezierCurve.swift in Sources */ = {isa = PBXBuildFile; fileRef = A60505AA2255AFC10054356F /* BezierCurve.swift */; };
		A60505AE2255AFC10054356F /* BezierCurve.swift in Sources */ = {isa = PBXBuildFile; fileRef = A60505AA2255AFC10054356F /* BezierCurve.swift */; };
		A60505AF2255AFC10054356F /* BezierCurve.swift in Sources */ = {isa = PBXBuildFile; fileRef = A60505AA2255AFC10054356F /* BezierCurve.swift */; };
		A60505B02255AFCF0054356F /* BezierCurve.swift in Sources */ = {isa = PBXBuildFile; fileRef = A60505AA2255AFC10054356F /* BezierCurve.swift */; };
		A6B582ED222767E8005EDD4E /* PointTests.swift in Sources */ = {isa = PBXBuildFile; fileRef = A6B582EB222767C8005EDD4E /* PointTests.swift */; };
		A6B582EE222767E9005EDD4E /* PointTests.swift in Sources */ = {isa = PBXBuildFile; fileRef = A6B582EB222767C8005EDD4E /* PointTests.swift */; };
		A6B582EF222767EA005EDD4E /* PointTests.swift in Sources */ = {isa = PBXBuildFile; fileRef = A6B582EB222767C8005EDD4E /* PointTests.swift */; };
		A6B583E7222DF39D005EDD4E /* LineTests.swift in Sources */ = {isa = PBXBuildFile; fileRef = A6B583E6222DF39D005EDD4E /* LineTests.swift */; };
		A6B583E8222DF39D005EDD4E /* LineTests.swift in Sources */ = {isa = PBXBuildFile; fileRef = A6B583E6222DF39D005EDD4E /* LineTests.swift */; };
		A6B583E9222DF39D005EDD4E /* LineTests.swift in Sources */ = {isa = PBXBuildFile; fileRef = A6B583E6222DF39D005EDD4E /* LineTests.swift */; };
		A6B583EB222E0CCA005EDD4E /* LineSegmentTests.swift in Sources */ = {isa = PBXBuildFile; fileRef = A6B583EA222E0CCA005EDD4E /* LineSegmentTests.swift */; };
		A6B583EC222E0CCA005EDD4E /* LineSegmentTests.swift in Sources */ = {isa = PBXBuildFile; fileRef = A6B583EA222E0CCA005EDD4E /* LineSegmentTests.swift */; };
		A6B583ED222E0CCA005EDD4E /* LineSegmentTests.swift in Sources */ = {isa = PBXBuildFile; fileRef = A6B583EA222E0CCA005EDD4E /* LineSegmentTests.swift */; };
		A6FE425E221A0645007639FD /* PathKit.h in Headers */ = {isa = PBXBuildFile; fileRef = 9FE96110220D596700D5F0A9 /* PathKit.h */; settings = {ATTRIBUTES = (Public, ); }; };
		A6FE43432220C6A6007639FD /* ApproximatelyEquatable.swift in Sources */ = {isa = PBXBuildFile; fileRef = A6FE433E2220C6A6007639FD /* ApproximatelyEquatable.swift */; };
		A6FE43442220D576007639FD /* PathKit.h in Headers */ = {isa = PBXBuildFile; fileRef = 9FE96110220D596700D5F0A9 /* PathKit.h */; settings = {ATTRIBUTES = (Public, ); }; };
		A6FE43462220D84A007639FD /* ApproximatelyEquatable.swift in Sources */ = {isa = PBXBuildFile; fileRef = A6FE433E2220C6A6007639FD /* ApproximatelyEquatable.swift */; };
		A6FE43472220D84B007639FD /* ApproximatelyEquatable.swift in Sources */ = {isa = PBXBuildFile; fileRef = A6FE433E2220C6A6007639FD /* ApproximatelyEquatable.swift */; };
		A6FE43482220D84B007639FD /* ApproximatelyEquatable.swift in Sources */ = {isa = PBXBuildFile; fileRef = A6FE433E2220C6A6007639FD /* ApproximatelyEquatable.swift */; };
		A6FE43492220D84B007639FD /* ApproximatelyEquatable.swift in Sources */ = {isa = PBXBuildFile; fileRef = A6FE433E2220C6A6007639FD /* ApproximatelyEquatable.swift */; };
		A6FE434A2220D84C007639FD /* ApproximatelyEquatable.swift in Sources */ = {isa = PBXBuildFile; fileRef = A6FE433E2220C6A6007639FD /* ApproximatelyEquatable.swift */; };
		A6FE43502220DED8007639FD /* AngleTests.swift in Sources */ = {isa = PBXBuildFile; fileRef = A6FE434F2220DED8007639FD /* AngleTests.swift */; };
		A6FE43512220DED8007639FD /* AngleTests.swift in Sources */ = {isa = PBXBuildFile; fileRef = A6FE434F2220DED8007639FD /* AngleTests.swift */; };
		A6FE43522220DED8007639FD /* AngleTests.swift in Sources */ = {isa = PBXBuildFile; fileRef = A6FE434F2220DED8007639FD /* AngleTests.swift */; };
/* End PBXBuildFile section */

/* Begin PBXContainerItemProxy section */
		9FE96118220D596700D5F0A9 /* PBXContainerItemProxy */ = {
			isa = PBXContainerItemProxy;
			containerPortal = A6F885B421F79C6700FFC5A1 /* Project object */;
			proxyType = 1;
			remoteGlobalIDString = 9FE9610D220D596700D5F0A9;
			remoteInfo = PathKit_OSX;
		};
		9FE96141220D59CD00D5F0A9 /* PBXContainerItemProxy */ = {
			isa = PBXContainerItemProxy;
			containerPortal = A6F885B421F79C6700FFC5A1 /* Project object */;
			proxyType = 1;
			remoteGlobalIDString = 9FE96136220D59CD00D5F0A9;
			remoteInfo = PathKit_tvOS;
		};
		9FE96177220D5AF600D5F0A9 /* PBXContainerItemProxy */ = {
			isa = PBXContainerItemProxy;
			containerPortal = A6F885B421F79C6700FFC5A1 /* Project object */;
			proxyType = 1;
			remoteGlobalIDString = 9FE9616C220D5AF600D5F0A9;
			remoteInfo = PathKit_iOS;
		};
/* End PBXContainerItemProxy section */

/* Begin PBXFileReference section */
		9FE9610E220D596700D5F0A9 /* PathKit_OSX.framework */ = {isa = PBXFileReference; explicitFileType = wrapper.framework; includeInIndex = 0; path = PathKit_OSX.framework; sourceTree = BUILT_PRODUCTS_DIR; };
		9FE96110220D596700D5F0A9 /* PathKit.h */ = {isa = PBXFileReference; lastKnownFileType = sourcecode.c.h; path = PathKit.h; sourceTree = "<group>"; };
		9FE96116220D596700D5F0A9 /* PathKit_OSXTests.xctest */ = {isa = PBXFileReference; explicitFileType = wrapper.cfbundle; includeInIndex = 0; path = PathKit_OSXTests.xctest; sourceTree = BUILT_PRODUCTS_DIR; };
		9FE9611D220D596700D5F0A9 /* TestsInfo.plist */ = {isa = PBXFileReference; lastKnownFileType = text.plist.xml; path = TestsInfo.plist; sourceTree = "<group>"; };
		9FE96137220D59CD00D5F0A9 /* PathKit_tvOS.framework */ = {isa = PBXFileReference; explicitFileType = wrapper.framework; includeInIndex = 0; path = PathKit_tvOS.framework; sourceTree = BUILT_PRODUCTS_DIR; };
		9FE9613F220D59CD00D5F0A9 /* PathKit_tvOSTests.xctest */ = {isa = PBXFileReference; explicitFileType = wrapper.cfbundle; includeInIndex = 0; path = PathKit_tvOSTests.xctest; sourceTree = BUILT_PRODUCTS_DIR; };
		9FE9616D220D5AF600D5F0A9 /* PathKit_iOS.framework */ = {isa = PBXFileReference; explicitFileType = wrapper.framework; includeInIndex = 0; path = PathKit_iOS.framework; sourceTree = BUILT_PRODUCTS_DIR; };
		9FE96175220D5AF600D5F0A9 /* PathKit_iOSTests.xctest */ = {isa = PBXFileReference; explicitFileType = wrapper.cfbundle; includeInIndex = 0; path = PathKit_iOSTests.xctest; sourceTree = BUILT_PRODUCTS_DIR; };
		A605055E225030F90054356F /* Overlap.swift */ = {isa = PBXFileReference; lastKnownFileType = sourcecode.swift; path = Overlap.swift; sourceTree = "<group>"; };
		A6050566225055450054356F /* Double+Extensions.swift */ = {isa = PBXFileReference; lastKnownFileType = sourcecode.swift; path = "Double+Extensions.swift"; sourceTree = "<group>"; };
		A605056A225055770054356F /* ClosedRange+Extension.swift */ = {isa = PBXFileReference; lastKnownFileType = sourcecode.swift; path = "ClosedRange+Extension.swift"; sourceTree = "<group>"; };
		A605056E225055950054356F /* Array+Extension.swift */ = {isa = PBXFileReference; lastKnownFileType = sourcecode.swift; path = "Array+Extension.swift"; sourceTree = "<group>"; };
		A60505AA2255AFC10054356F /* BezierCurve.swift */ = {isa = PBXFileReference; lastKnownFileType = sourcecode.swift; path = BezierCurve.swift; sourceTree = "<group>"; };
		A60AA419220A06410041C676 /* Intersection.swift */ = {isa = PBXFileReference; lastKnownFileType = sourcecode.swift; path = Intersection.swift; sourceTree = "<group>"; };
		A60AA41B220A07B10041C676 /* Angle.swift */ = {isa = PBXFileReference; lastKnownFileType = sourcecode.swift; path = Angle.swift; sourceTree = "<group>"; };
		A60AA41D220A0D950041C676 /* Line.swift */ = {isa = PBXFileReference; lastKnownFileType = sourcecode.swift; path = Line.swift; sourceTree = "<group>"; };
		A60AA47D220BFCC10041C676 /* VectorTests.swift */ = {isa = PBXFileReference; lastKnownFileType = sourcecode.swift; path = VectorTests.swift; sourceTree = "<group>"; };
		A6391FB521FE8B3100CFF71C /* LineSegment.swift */ = {isa = PBXFileReference; lastKnownFileType = sourcecode.swift; path = LineSegment.swift; sourceTree = "<group>"; };
		A6B582EB222767C8005EDD4E /* PointTests.swift */ = {isa = PBXFileReference; lastKnownFileType = sourcecode.swift; path = PointTests.swift; sourceTree = "<group>"; };
		A6B583E6222DF39D005EDD4E /* LineTests.swift */ = {isa = PBXFileReference; lastKnownFileType = sourcecode.swift; path = LineTests.swift; sourceTree = "<group>"; };
		A6B583EA222E0CCA005EDD4E /* LineSegmentTests.swift */ = {isa = PBXFileReference; lastKnownFileType = sourcecode.swift; path = LineSegmentTests.swift; sourceTree = "<group>"; };
		A6F885C121F79C6700FFC5A1 /* Info.plist */ = {isa = PBXFileReference; lastKnownFileType = text.plist.xml; path = Info.plist; sourceTree = "<group>"; };
		A6FE433E2220C6A6007639FD /* ApproximatelyEquatable.swift */ = {isa = PBXFileReference; lastKnownFileType = sourcecode.swift; path = ApproximatelyEquatable.swift; sourceTree = "<group>"; };
		A6FE434F2220DED8007639FD /* AngleTests.swift */ = {isa = PBXFileReference; lastKnownFileType = sourcecode.swift; path = AngleTests.swift; sourceTree = "<group>"; };
		A6FE5B6C21FAAFF1009CD767 /* Point.swift */ = {isa = PBXFileReference; lastKnownFileType = sourcecode.swift; path = Point.swift; sourceTree = "<group>"; };
		A6FE5B6E21FAB1A8009CD767 /* Vector.swift */ = {isa = PBXFileReference; lastKnownFileType = sourcecode.swift; path = Vector.swift; sourceTree = "<group>"; };
/* End PBXFileReference section */

/* Begin PBXFrameworksBuildPhase section */
		9FE9610B220D596700D5F0A9 /* Frameworks */ = {
			isa = PBXFrameworksBuildPhase;
			buildActionMask = 2147483647;
			files = (
			);
			runOnlyForDeploymentPostprocessing = 0;
		};
		9FE96113220D596700D5F0A9 /* Frameworks */ = {
			isa = PBXFrameworksBuildPhase;
			buildActionMask = 2147483647;
			files = (
				9FE96117220D596700D5F0A9 /* PathKit_OSX.framework in Frameworks */,
			);
			runOnlyForDeploymentPostprocessing = 0;
		};
		9FE96134220D59CD00D5F0A9 /* Frameworks */ = {
			isa = PBXFrameworksBuildPhase;
			buildActionMask = 2147483647;
			files = (
			);
			runOnlyForDeploymentPostprocessing = 0;
		};
		9FE9613C220D59CD00D5F0A9 /* Frameworks */ = {
			isa = PBXFrameworksBuildPhase;
			buildActionMask = 2147483647;
			files = (
				9FE96140220D59CD00D5F0A9 /* PathKit_tvOS.framework in Frameworks */,
			);
			runOnlyForDeploymentPostprocessing = 0;
		};
		9FE9616A220D5AF600D5F0A9 /* Frameworks */ = {
			isa = PBXFrameworksBuildPhase;
			buildActionMask = 2147483647;
			files = (
			);
			runOnlyForDeploymentPostprocessing = 0;
		};
		9FE96172220D5AF600D5F0A9 /* Frameworks */ = {
			isa = PBXFrameworksBuildPhase;
			buildActionMask = 2147483647;
			files = (
				9FE96176220D5AF600D5F0A9 /* PathKit_iOS.framework in Frameworks */,
			);
			runOnlyForDeploymentPostprocessing = 0;
		};
/* End PBXFrameworksBuildPhase section */

/* Begin PBXGroup section */
		A6050565225055350054356F /* Extensions */ = {
			isa = PBXGroup;
			children = (
				A6050566225055450054356F /* Double+Extensions.swift */,
				A605056A225055770054356F /* ClosedRange+Extension.swift */,
				A605056E225055950054356F /* Array+Extension.swift */,
			);
			path = Extensions;
			sourceTree = "<group>";
		};
		A60505A62255AE280054356F /* Base */ = {
			isa = PBXGroup;
			children = (
				A60AA41B220A07B10041C676 /* Angle.swift */,
				A6FE5B6C21FAAFF1009CD767 /* Point.swift */,
				A6FE5B6E21FAB1A8009CD767 /* Vector.swift */,
			);
			path = Base;
			sourceTree = "<group>";
		};
		A60505A72255AE520054356F /* Curves */ = {
			isa = PBXGroup;
			children = (
				A60AA41D220A0D950041C676 /* Line.swift */,
				A6391FB521FE8B3100CFF71C /* LineSegment.swift */,
				A60505AA2255AFC10054356F /* BezierCurve.swift */,
			);
			path = Curves;
			sourceTree = "<group>";
		};
		A60AA486220BFD640041C676 /* Tests */ = {
			isa = PBXGroup;
			children = (
				A6B583E6222DF39D005EDD4E /* LineTests.swift */,
				A60AA47D220BFCC10041C676 /* VectorTests.swift */,
				A6FE434F2220DED8007639FD /* AngleTests.swift */,
				A6B582EB222767C8005EDD4E /* PointTests.swift */,
				A6B583EA222E0CCA005EDD4E /* LineSegmentTests.swift */,
			);
			path = Tests;
			sourceTree = "<group>";
		};
		A6F885B321F79C6700FFC5A1 = {
			isa = PBXGroup;
			children = (
				A6F885C821F79CA800FFC5A1 /* MetaData */,
				A6F885BE21F79C6700FFC5A1 /* Products */,
				A6FE5B6B21FAAFCB009CD767 /* Sources */,
				A60AA486220BFD640041C676 /* Tests */,
			);
			sourceTree = "<group>";
		};
		A6F885BE21F79C6700FFC5A1 /* Products */ = {
			isa = PBXGroup;
			children = (
				9FE9610E220D596700D5F0A9 /* PathKit_OSX.framework */,
				9FE96116220D596700D5F0A9 /* PathKit_OSXTests.xctest */,
				9FE96137220D59CD00D5F0A9 /* PathKit_tvOS.framework */,
				9FE9613F220D59CD00D5F0A9 /* PathKit_tvOSTests.xctest */,
				9FE9616D220D5AF600D5F0A9 /* PathKit_iOS.framework */,
				9FE96175220D5AF600D5F0A9 /* PathKit_iOSTests.xctest */,
			);
			name = Products;
			sourceTree = "<group>";
		};
		A6F885C821F79CA800FFC5A1 /* MetaData */ = {
			isa = PBXGroup;
			children = (
				A6F885C121F79C6700FFC5A1 /* Info.plist */,
				9FE9611D220D596700D5F0A9 /* TestsInfo.plist */,
			);
			path = MetaData;
			sourceTree = "<group>";
		};
		A6FE5B6B21FAAFCB009CD767 /* Sources */ = {
			isa = PBXGroup;
			children = (
				9FE96110220D596700D5F0A9 /* PathKit.h */,
				A6FE433E2220C6A6007639FD /* ApproximatelyEquatable.swift */,
				A60AA419220A06410041C676 /* Intersection.swift */,
				A605055E225030F90054356F /* Overlap.swift */,
				A60505A62255AE280054356F /* Base */,
				A60505A72255AE520054356F /* Curves */,
				A6050565225055350054356F /* Extensions */,
			);
			path = Sources;
			sourceTree = "<group>";
		};
/* End PBXGroup section */

/* Begin PBXHeadersBuildPhase section */
		9FE96109220D596700D5F0A9 /* Headers */ = {
			isa = PBXHeadersBuildPhase;
			buildActionMask = 2147483647;
			files = (
				9FE9611E220D596700D5F0A9 /* PathKit.h in Headers */,
			);
			runOnlyForDeploymentPostprocessing = 0;
		};
		9FE96132220D59CD00D5F0A9 /* Headers */ = {
			isa = PBXHeadersBuildPhase;
			buildActionMask = 2147483647;
			files = (
				A6FE425E221A0645007639FD /* PathKit.h in Headers */,
			);
			runOnlyForDeploymentPostprocessing = 0;
		};
		9FE96168220D5AF600D5F0A9 /* Headers */ = {
			isa = PBXHeadersBuildPhase;
			buildActionMask = 2147483647;
			files = (
				A6FE43442220D576007639FD /* PathKit.h in Headers */,
			);
			runOnlyForDeploymentPostprocessing = 0;
		};
/* End PBXHeadersBuildPhase section */

/* Begin PBXNativeTarget section */
		9FE9610D220D596700D5F0A9 /* PathKit_OSX */ = {
			isa = PBXNativeTarget;
			buildConfigurationList = 9FE9611F220D596700D5F0A9 /* Build configuration list for PBXNativeTarget "PathKit_OSX" */;
			buildPhases = (
				9FE96109220D596700D5F0A9 /* Headers */,
				9FE9610A220D596700D5F0A9 /* Sources */,
				9FE9610B220D596700D5F0A9 /* Frameworks */,
				9FE9610C220D596700D5F0A9 /* Resources */,
			);
			buildRules = (
			);
			dependencies = (
			);
			name = PathKit_OSX;
			productName = PathKit_OSX;
			productReference = 9FE9610E220D596700D5F0A9 /* PathKit_OSX.framework */;
			productType = "com.apple.product-type.framework";
		};
		9FE96115220D596700D5F0A9 /* PathKit_OSXTests */ = {
			isa = PBXNativeTarget;
			buildConfigurationList = 9FE96122220D596700D5F0A9 /* Build configuration list for PBXNativeTarget "PathKit_OSXTests" */;
			buildPhases = (
				9FE96112220D596700D5F0A9 /* Sources */,
				9FE96113220D596700D5F0A9 /* Frameworks */,
				9FE96114220D596700D5F0A9 /* Resources */,
			);
			buildRules = (
			);
			dependencies = (
				9FE96119220D596700D5F0A9 /* PBXTargetDependency */,
			);
			name = PathKit_OSXTests;
			productName = PathKit_OSXTests;
			productReference = 9FE96116220D596700D5F0A9 /* PathKit_OSXTests.xctest */;
			productType = "com.apple.product-type.bundle.unit-test";
		};
		9FE96136220D59CD00D5F0A9 /* PathKit_tvOS */ = {
			isa = PBXNativeTarget;
			buildConfigurationList = 9FE96148220D59CD00D5F0A9 /* Build configuration list for PBXNativeTarget "PathKit_tvOS" */;
			buildPhases = (
				9FE96132220D59CD00D5F0A9 /* Headers */,
				9FE96133220D59CD00D5F0A9 /* Sources */,
				9FE96134220D59CD00D5F0A9 /* Frameworks */,
				9FE96135220D59CD00D5F0A9 /* Resources */,
			);
			buildRules = (
			);
			dependencies = (
			);
			name = PathKit_tvOS;
			productName = PathKit_tvOS;
			productReference = 9FE96137220D59CD00D5F0A9 /* PathKit_tvOS.framework */;
			productType = "com.apple.product-type.framework";
		};
		9FE9613E220D59CD00D5F0A9 /* PathKit_tvOSTests */ = {
			isa = PBXNativeTarget;
			buildConfigurationList = 9FE9614B220D59CD00D5F0A9 /* Build configuration list for PBXNativeTarget "PathKit_tvOSTests" */;
			buildPhases = (
				9FE9613B220D59CD00D5F0A9 /* Sources */,
				9FE9613C220D59CD00D5F0A9 /* Frameworks */,
				9FE9613D220D59CD00D5F0A9 /* Resources */,
			);
			buildRules = (
			);
			dependencies = (
				9FE96142220D59CD00D5F0A9 /* PBXTargetDependency */,
			);
			name = PathKit_tvOSTests;
			productName = PathKit_tvOSTests;
			productReference = 9FE9613F220D59CD00D5F0A9 /* PathKit_tvOSTests.xctest */;
			productType = "com.apple.product-type.bundle.unit-test";
		};
		9FE9616C220D5AF600D5F0A9 /* PathKit_iOS */ = {
			isa = PBXNativeTarget;
			buildConfigurationList = 9FE9617E220D5AF600D5F0A9 /* Build configuration list for PBXNativeTarget "PathKit_iOS" */;
			buildPhases = (
				9FE96168220D5AF600D5F0A9 /* Headers */,
				9FE96169220D5AF600D5F0A9 /* Sources */,
				9FE9616A220D5AF600D5F0A9 /* Frameworks */,
				9FE9616B220D5AF600D5F0A9 /* Resources */,
			);
			buildRules = (
			);
			dependencies = (
			);
			name = PathKit_iOS;
			productName = PathKit_iOS;
			productReference = 9FE9616D220D5AF600D5F0A9 /* PathKit_iOS.framework */;
			productType = "com.apple.product-type.framework";
		};
		9FE96174220D5AF600D5F0A9 /* PathKit_iOSTests */ = {
			isa = PBXNativeTarget;
			buildConfigurationList = 9FE96181220D5AF600D5F0A9 /* Build configuration list for PBXNativeTarget "PathKit_iOSTests" */;
			buildPhases = (
				9FE96171220D5AF600D5F0A9 /* Sources */,
				9FE96172220D5AF600D5F0A9 /* Frameworks */,
				9FE96173220D5AF600D5F0A9 /* Resources */,
			);
			buildRules = (
			);
			dependencies = (
				9FE96178220D5AF600D5F0A9 /* PBXTargetDependency */,
			);
			name = PathKit_iOSTests;
			productName = PathKit_iOSTests;
			productReference = 9FE96175220D5AF600D5F0A9 /* PathKit_iOSTests.xctest */;
			productType = "com.apple.product-type.bundle.unit-test";
		};
/* End PBXNativeTarget section */

/* Begin PBXProject section */
		A6F885B421F79C6700FFC5A1 /* Project object */ = {
			isa = PBXProject;
			attributes = {
				LastSwiftUpdateCheck = 1010;
				LastUpgradeCheck = 1010;
				ORGANIZATIONNAME = "JABT Labs";
				TargetAttributes = {
					9FE9610D220D596700D5F0A9 = {
						CreatedOnToolsVersion = 10.1;
					};
					9FE96115220D596700D5F0A9 = {
						CreatedOnToolsVersion = 10.1;
					};
					9FE96136220D59CD00D5F0A9 = {
						CreatedOnToolsVersion = 10.1;
					};
					9FE9613E220D59CD00D5F0A9 = {
						CreatedOnToolsVersion = 10.1;
					};
					9FE9616C220D5AF600D5F0A9 = {
						CreatedOnToolsVersion = 10.1;
					};
					9FE96174220D5AF600D5F0A9 = {
						CreatedOnToolsVersion = 10.1;
					};
				};
			};
			buildConfigurationList = A6F885B721F79C6700FFC5A1 /* Build configuration list for PBXProject "PathKit" */;
			compatibilityVersion = "Xcode 9.3";
			developmentRegion = en;
			hasScannedForEncodings = 0;
			knownRegions = (
				en,
				Base,
			);
			mainGroup = A6F885B321F79C6700FFC5A1;
			productRefGroup = A6F885BE21F79C6700FFC5A1 /* Products */;
			projectDirPath = "";
			projectRoot = "";
			targets = (
				9FE9610D220D596700D5F0A9 /* PathKit_OSX */,
				9FE96115220D596700D5F0A9 /* PathKit_OSXTests */,
				9FE96136220D59CD00D5F0A9 /* PathKit_tvOS */,
				9FE9613E220D59CD00D5F0A9 /* PathKit_tvOSTests */,
				9FE9616C220D5AF600D5F0A9 /* PathKit_iOS */,
				9FE96174220D5AF600D5F0A9 /* PathKit_iOSTests */,
			);
		};
/* End PBXProject section */

/* Begin PBXResourcesBuildPhase section */
		9FE9610C220D596700D5F0A9 /* Resources */ = {
			isa = PBXResourcesBuildPhase;
			buildActionMask = 2147483647;
			files = (
			);
			runOnlyForDeploymentPostprocessing = 0;
		};
		9FE96114220D596700D5F0A9 /* Resources */ = {
			isa = PBXResourcesBuildPhase;
			buildActionMask = 2147483647;
			files = (
			);
			runOnlyForDeploymentPostprocessing = 0;
		};
		9FE96135220D59CD00D5F0A9 /* Resources */ = {
			isa = PBXResourcesBuildPhase;
			buildActionMask = 2147483647;
			files = (
			);
			runOnlyForDeploymentPostprocessing = 0;
		};
		9FE9613D220D59CD00D5F0A9 /* Resources */ = {
			isa = PBXResourcesBuildPhase;
			buildActionMask = 2147483647;
			files = (
			);
			runOnlyForDeploymentPostprocessing = 0;
		};
		9FE9616B220D5AF600D5F0A9 /* Resources */ = {
			isa = PBXResourcesBuildPhase;
			buildActionMask = 2147483647;
			files = (
			);
			runOnlyForDeploymentPostprocessing = 0;
		};
		9FE96173220D5AF600D5F0A9 /* Resources */ = {
			isa = PBXResourcesBuildPhase;
			buildActionMask = 2147483647;
			files = (
			);
			runOnlyForDeploymentPostprocessing = 0;
		};
/* End PBXResourcesBuildPhase section */

/* Begin PBXSourcesBuildPhase section */
		9FE9610A220D596700D5F0A9 /* Sources */ = {
			isa = PBXSourcesBuildPhase;
			buildActionMask = 2147483647;
			files = (
				9FE96127220D598700D5F0A9 /* Line.swift in Sources */,
				A605055F225030F90054356F /* Overlap.swift in Sources */,
				9FE96129220D598700D5F0A9 /* Point.swift in Sources */,
				A605056F225055950054356F /* Array+Extension.swift in Sources */,
				9FE96126220D598700D5F0A9 /* Intersection.swift in Sources */,
				9FE96125220D598700D5F0A9 /* Angle.swift in Sources */,
				A605056B225055770054356F /* ClosedRange+Extension.swift in Sources */,
				9FE9612A220D598700D5F0A9 /* Vector.swift in Sources */,
				A6FE434A2220D84C007639FD /* ApproximatelyEquatable.swift in Sources */,
				A6050567225055450054356F /* Double+Extensions.swift in Sources */,
				A60505AB2255AFC10054356F /* BezierCurve.swift in Sources */,
				9FE96128220D598700D5F0A9 /* LineSegment.swift in Sources */,
			);
			runOnlyForDeploymentPostprocessing = 0;
		};
		9FE96112220D596700D5F0A9 /* Sources */ = {
			isa = PBXSourcesBuildPhase;
			buildActionMask = 2147483647;
			files = (
				A60505642250310A0054356F /* Overlap.swift in Sources */,
				9FE96131220D599100D5F0A9 /* VectorTests.swift in Sources */,
				9FE9612D220D598800D5F0A9 /* Line.swift in Sources */,
				A6B582ED222767E8005EDD4E /* PointTests.swift in Sources */,
				A6FE43492220D84B007639FD /* ApproximatelyEquatable.swift in Sources */,
				A6050577225055B20054356F /* ClosedRange+Extension.swift in Sources */,
				9FE9612F220D598800D5F0A9 /* Point.swift in Sources */,
				9FE9612C220D598800D5F0A9 /* Intersection.swift in Sources */,
				A6B583E7222DF39D005EDD4E /* LineTests.swift in Sources */,
				9FE9612B220D598800D5F0A9 /* Angle.swift in Sources */,
				A60505AC2255AFC10054356F /* BezierCurve.swift in Sources */,
				A6050574225055AE0054356F /* Double+Extensions.swift in Sources */,
				9FE96130220D598800D5F0A9 /* Vector.swift in Sources */,
				9FE9612E220D598800D5F0A9 /* LineSegment.swift in Sources */,
				A6050570225055950054356F /* Array+Extension.swift in Sources */,
				A6FE43502220DED8007639FD /* AngleTests.swift in Sources */,
				A6B583EB222E0CCA005EDD4E /* LineSegmentTests.swift in Sources */,
			);
			runOnlyForDeploymentPostprocessing = 0;
		};
		9FE96133220D59CD00D5F0A9 /* Sources */ = {
			isa = PBXSourcesBuildPhase;
			buildActionMask = 2147483647;
			files = (
				9FE96150220D59ED00D5F0A9 /* Line.swift in Sources */,
				A6050560225030F90054356F /* Overlap.swift in Sources */,
				9FE96152220D59ED00D5F0A9 /* Point.swift in Sources */,
				A6050571225055950054356F /* Array+Extension.swift in Sources */,
				9FE9614F220D59ED00D5F0A9 /* Intersection.swift in Sources */,
				9FE9614E220D59ED00D5F0A9 /* Angle.swift in Sources */,
				A605056C225055770054356F /* ClosedRange+Extension.swift in Sources */,
				9FE96153220D59ED00D5F0A9 /* Vector.swift in Sources */,
				A6FE43482220D84B007639FD /* ApproximatelyEquatable.swift in Sources */,
				A6050568225055450054356F /* Double+Extensions.swift in Sources */,
				A60505AD2255AFC10054356F /* BezierCurve.swift in Sources */,
				9FE96151220D59ED00D5F0A9 /* LineSegment.swift in Sources */,
			);
			runOnlyForDeploymentPostprocessing = 0;
		};
		9FE9613B220D59CD00D5F0A9 /* Sources */ = {
			isa = PBXSourcesBuildPhase;
			buildActionMask = 2147483647;
			files = (
				A6050563225031090054356F /* Overlap.swift in Sources */,
				9FE9615A220D59F100D5F0A9 /* VectorTests.swift in Sources */,
				9FE96156220D59EE00D5F0A9 /* Line.swift in Sources */,
				A6B582EE222767E9005EDD4E /* PointTests.swift in Sources */,
				A6FE43472220D84B007639FD /* ApproximatelyEquatable.swift in Sources */,
				A6050578225055B30054356F /* ClosedRange+Extension.swift in Sources */,
				9FE96158220D59EE00D5F0A9 /* Point.swift in Sources */,
				9FE96155220D59EE00D5F0A9 /* Intersection.swift in Sources */,
				A6B583E8222DF39D005EDD4E /* LineTests.swift in Sources */,
				9FE96154220D59EE00D5F0A9 /* Angle.swift in Sources */,
				A60505AE2255AFC10054356F /* BezierCurve.swift in Sources */,
				A6050575225055AE0054356F /* Double+Extensions.swift in Sources */,
				9FE96159220D59EE00D5F0A9 /* Vector.swift in Sources */,
				9FE96157220D59EE00D5F0A9 /* LineSegment.swift in Sources */,
				A6050572225055950054356F /* Array+Extension.swift in Sources */,
				A6FE43512220DED8007639FD /* AngleTests.swift in Sources */,
				A6B583EC222E0CCA005EDD4E /* LineSegmentTests.swift in Sources */,
			);
			runOnlyForDeploymentPostprocessing = 0;
		};
		9FE96169220D5AF600D5F0A9 /* Sources */ = {
			isa = PBXSourcesBuildPhase;
			buildActionMask = 2147483647;
			files = (
				9FE9618C220D5AFC00D5F0A9 /* Line.swift in Sources */,
				A6050561225030F90054356F /* Overlap.swift in Sources */,
				9FE9618E220D5AFC00D5F0A9 /* Point.swift in Sources */,
				A6050573225055950054356F /* Array+Extension.swift in Sources */,
				9FE9618B220D5AFC00D5F0A9 /* Intersection.swift in Sources */,
				9FE9618A220D5AFC00D5F0A9 /* Angle.swift in Sources */,
				A605056D225055770054356F /* ClosedRange+Extension.swift in Sources */,
				9FE9618F220D5AFC00D5F0A9 /* Vector.swift in Sources */,
				A6FE43432220C6A6007639FD /* ApproximatelyEquatable.swift in Sources */,
				A6050569225055450054356F /* Double+Extensions.swift in Sources */,
				A60505AF2255AFC10054356F /* BezierCurve.swift in Sources */,
				9FE9618D220D5AFC00D5F0A9 /* LineSegment.swift in Sources */,
			);
			runOnlyForDeploymentPostprocessing = 0;
		};
		9FE96171220D5AF600D5F0A9 /* Sources */ = {
			isa = PBXSourcesBuildPhase;
			buildActionMask = 2147483647;
			files = (
				A6050579225055B40054356F /* ClosedRange+Extension.swift in Sources */,
				A6050562225031080054356F /* Overlap.swift in Sources */,
				9FE96187220D5AFB00D5F0A9 /* LineSegment.swift in Sources */,
				A6050576225055AF0054356F /* Double+Extensions.swift in Sources */,
				9FE96185220D5AFB00D5F0A9 /* Intersection.swift in Sources */,
				A6B582EF222767EA005EDD4E /* PointTests.swift in Sources */,
				A6FE43462220D84A007639FD /* ApproximatelyEquatable.swift in Sources */,
				A605057A225055B70054356F /* Array+Extension.swift in Sources */,
				9FE96190220D5AFF00D5F0A9 /* VectorTests.swift in Sources */,
				9FE96188220D5AFB00D5F0A9 /* Point.swift in Sources */,
				A60505B02255AFCF0054356F /* BezierCurve.swift in Sources */,
				A6B583E9222DF39D005EDD4E /* LineTests.swift in Sources */,
				9FE96189220D5AFB00D5F0A9 /* Vector.swift in Sources */,
				9FE96186220D5AFB00D5F0A9 /* Line.swift in Sources */,
				9FE96184220D5AFB00D5F0A9 /* Angle.swift in Sources */,
				A6FE43522220DED8007639FD /* AngleTests.swift in Sources */,
				A6B583ED222E0CCA005EDD4E /* LineSegmentTests.swift in Sources */,
			);
			runOnlyForDeploymentPostprocessing = 0;
		};
/* End PBXSourcesBuildPhase section */

/* Begin PBXTargetDependency section */
		9FE96119220D596700D5F0A9 /* PBXTargetDependency */ = {
			isa = PBXTargetDependency;
			target = 9FE9610D220D596700D5F0A9 /* PathKit_OSX */;
			targetProxy = 9FE96118220D596700D5F0A9 /* PBXContainerItemProxy */;
		};
		9FE96142220D59CD00D5F0A9 /* PBXTargetDependency */ = {
			isa = PBXTargetDependency;
			target = 9FE96136220D59CD00D5F0A9 /* PathKit_tvOS */;
			targetProxy = 9FE96141220D59CD00D5F0A9 /* PBXContainerItemProxy */;
		};
		9FE96178220D5AF600D5F0A9 /* PBXTargetDependency */ = {
			isa = PBXTargetDependency;
			target = 9FE9616C220D5AF600D5F0A9 /* PathKit_iOS */;
			targetProxy = 9FE96177220D5AF600D5F0A9 /* PBXContainerItemProxy */;
		};
/* End PBXTargetDependency section */

/* Begin XCBuildConfiguration section */
		9FE96120220D596700D5F0A9 /* Debug */ = {
			isa = XCBuildConfiguration;
			buildSettings = {
				CODE_SIGN_IDENTITY = "";
				CODE_SIGN_STYLE = Automatic;
				COMBINE_HIDPI_IMAGES = YES;
				DEFINES_MODULE = YES;
				DEVELOPMENT_TEAM = G3GED29J33;
				DYLIB_COMPATIBILITY_VERSION = 1;
				DYLIB_CURRENT_VERSION = 1;
				DYLIB_INSTALL_NAME_BASE = "@rpath";
				FRAMEWORK_VERSION = A;
				INFOPLIST_FILE = "$(SRCROOT)/MetaData/Info.plist";
				INSTALL_PATH = "$(LOCAL_LIBRARY_DIR)/Frameworks";
				LD_RUNPATH_SEARCH_PATHS = (
					"$(inherited)",
					"@executable_path/../Frameworks",
					"@loader_path/Frameworks",
				);
				MACOSX_DEPLOYMENT_TARGET = 10.13;
				PRODUCT_BUNDLE_IDENTIFIER = "com.jabt.PathKit-OSX";
				PRODUCT_NAME = "$(TARGET_NAME:c99extidentifier)";
				SKIP_INSTALL = YES;
				SWIFT_VERSION = 5.0;
			};
			name = Debug;
		};
		9FE96121220D596700D5F0A9 /* Release */ = {
			isa = XCBuildConfiguration;
			buildSettings = {
				CODE_SIGN_IDENTITY = "";
				CODE_SIGN_STYLE = Automatic;
				COMBINE_HIDPI_IMAGES = YES;
				DEFINES_MODULE = YES;
				DEVELOPMENT_TEAM = G3GED29J33;
				DYLIB_COMPATIBILITY_VERSION = 1;
				DYLIB_CURRENT_VERSION = 1;
				DYLIB_INSTALL_NAME_BASE = "@rpath";
				FRAMEWORK_VERSION = A;
				INFOPLIST_FILE = "$(SRCROOT)/MetaData/Info.plist";
				INSTALL_PATH = "$(LOCAL_LIBRARY_DIR)/Frameworks";
				LD_RUNPATH_SEARCH_PATHS = (
					"$(inherited)",
					"@executable_path/../Frameworks",
					"@loader_path/Frameworks",
				);
				MACOSX_DEPLOYMENT_TARGET = 10.13;
				PRODUCT_BUNDLE_IDENTIFIER = "com.jabt.PathKit-OSX";
				PRODUCT_NAME = "$(TARGET_NAME:c99extidentifier)";
				SKIP_INSTALL = YES;
				SWIFT_VERSION = 5.0;
			};
			name = Release;
		};
		9FE96123220D596700D5F0A9 /* Debug */ = {
			isa = XCBuildConfiguration;
			buildSettings = {
				ALWAYS_EMBED_SWIFT_STANDARD_LIBRARIES = YES;
				CODE_SIGN_STYLE = Automatic;
				COMBINE_HIDPI_IMAGES = YES;
				DEVELOPMENT_TEAM = G3GED29J33;
				INFOPLIST_FILE = MetaData/TestsInfo.plist;
				LD_RUNPATH_SEARCH_PATHS = (
					"$(inherited)",
					"@executable_path/../Frameworks",
					"@loader_path/../Frameworks",
				);
				MACOSX_DEPLOYMENT_TARGET = 10.13;
				PRODUCT_BUNDLE_IDENTIFIER = "com.jabt.PathKit-OSXTests";
				PRODUCT_NAME = "$(TARGET_NAME)";
				SWIFT_VERSION = 5.0;
			};
			name = Debug;
		};
		9FE96124220D596700D5F0A9 /* Release */ = {
			isa = XCBuildConfiguration;
			buildSettings = {
				ALWAYS_EMBED_SWIFT_STANDARD_LIBRARIES = YES;
				CODE_SIGN_STYLE = Automatic;
				COMBINE_HIDPI_IMAGES = YES;
				DEVELOPMENT_TEAM = G3GED29J33;
				INFOPLIST_FILE = MetaData/TestsInfo.plist;
				LD_RUNPATH_SEARCH_PATHS = (
					"$(inherited)",
					"@executable_path/../Frameworks",
					"@loader_path/../Frameworks",
				);
				MACOSX_DEPLOYMENT_TARGET = 10.13;
				PRODUCT_BUNDLE_IDENTIFIER = "com.jabt.PathKit-OSXTests";
				PRODUCT_NAME = "$(TARGET_NAME)";
				SWIFT_VERSION = 5.0;
			};
			name = Release;
		};
		9FE96149220D59CD00D5F0A9 /* Debug */ = {
			isa = XCBuildConfiguration;
			buildSettings = {
				CODE_SIGN_IDENTITY = "";
				CODE_SIGN_STYLE = Automatic;
				DEFINES_MODULE = YES;
				DEVELOPMENT_TEAM = G3GED29J33;
				DYLIB_COMPATIBILITY_VERSION = 1;
				DYLIB_CURRENT_VERSION = 1;
				DYLIB_INSTALL_NAME_BASE = "@rpath";
				INFOPLIST_FILE = "$(SRCROOT)/MetaData/Info.plist";
				INSTALL_PATH = "$(LOCAL_LIBRARY_DIR)/Frameworks";
				LD_RUNPATH_SEARCH_PATHS = (
					"$(inherited)",
					"@executable_path/Frameworks",
					"@loader_path/Frameworks",
				);
				PRODUCT_BUNDLE_IDENTIFIER = "com.jabt.PathKit-tvOS";
				PRODUCT_NAME = "$(TARGET_NAME:c99extidentifier)";
				SDKROOT = appletvos;
				SKIP_INSTALL = YES;
				SWIFT_VERSION = 5.0;
				TARGETED_DEVICE_FAMILY = 3;
				TVOS_DEPLOYMENT_TARGET = 12.1;
			};
			name = Debug;
		};
		9FE9614A220D59CD00D5F0A9 /* Release */ = {
			isa = XCBuildConfiguration;
			buildSettings = {
				CODE_SIGN_IDENTITY = "";
				CODE_SIGN_STYLE = Automatic;
				DEFINES_MODULE = YES;
				DEVELOPMENT_TEAM = G3GED29J33;
				DYLIB_COMPATIBILITY_VERSION = 1;
				DYLIB_CURRENT_VERSION = 1;
				DYLIB_INSTALL_NAME_BASE = "@rpath";
				INFOPLIST_FILE = "$(SRCROOT)/MetaData/Info.plist";
				INSTALL_PATH = "$(LOCAL_LIBRARY_DIR)/Frameworks";
				LD_RUNPATH_SEARCH_PATHS = (
					"$(inherited)",
					"@executable_path/Frameworks",
					"@loader_path/Frameworks",
				);
				PRODUCT_BUNDLE_IDENTIFIER = "com.jabt.PathKit-tvOS";
				PRODUCT_NAME = "$(TARGET_NAME:c99extidentifier)";
				SDKROOT = appletvos;
				SKIP_INSTALL = YES;
				SWIFT_VERSION = 5.0;
				TARGETED_DEVICE_FAMILY = 3;
				TVOS_DEPLOYMENT_TARGET = 12.1;
				VALIDATE_PRODUCT = YES;
			};
			name = Release;
		};
		9FE9614C220D59CD00D5F0A9 /* Debug */ = {
			isa = XCBuildConfiguration;
			buildSettings = {
				ALWAYS_EMBED_SWIFT_STANDARD_LIBRARIES = YES;
				CODE_SIGN_IDENTITY = "";
				CODE_SIGN_STYLE = Automatic;
				DEVELOPMENT_TEAM = G3GED29J33;
				INFOPLIST_FILE = MetaData/TestsInfo.plist;
				LD_RUNPATH_SEARCH_PATHS = (
					"$(inherited)",
					"@executable_path/Frameworks",
					"@loader_path/Frameworks",
				);
				PRODUCT_BUNDLE_IDENTIFIER = "com.jabt.PathKit-tvOSTests";
				PRODUCT_NAME = "$(TARGET_NAME)";
				PROVISIONING_PROFILE_SPECIFIER = "";
				SDKROOT = appletvos;
				SWIFT_VERSION = 5.0;
				TARGETED_DEVICE_FAMILY = 3;
				TVOS_DEPLOYMENT_TARGET = 12.1;
			};
			name = Debug;
		};
		9FE9614D220D59CD00D5F0A9 /* Release */ = {
			isa = XCBuildConfiguration;
			buildSettings = {
				ALWAYS_EMBED_SWIFT_STANDARD_LIBRARIES = YES;
				CODE_SIGN_IDENTITY = "";
				CODE_SIGN_STYLE = Automatic;
				DEVELOPMENT_TEAM = G3GED29J33;
				INFOPLIST_FILE = MetaData/TestsInfo.plist;
				LD_RUNPATH_SEARCH_PATHS = (
					"$(inherited)",
					"@executable_path/Frameworks",
					"@loader_path/Frameworks",
				);
				PRODUCT_BUNDLE_IDENTIFIER = "com.jabt.PathKit-tvOSTests";
				PRODUCT_NAME = "$(TARGET_NAME)";
				PROVISIONING_PROFILE_SPECIFIER = "";
				SDKROOT = appletvos;
				SWIFT_VERSION = 5.0;
				TARGETED_DEVICE_FAMILY = 3;
				TVOS_DEPLOYMENT_TARGET = 12.1;
				VALIDATE_PRODUCT = YES;
			};
			name = Release;
		};
		9FE9617F220D5AF600D5F0A9 /* Debug */ = {
			isa = XCBuildConfiguration;
			buildSettings = {
				CODE_SIGN_IDENTITY = "";
				CODE_SIGN_STYLE = Automatic;
				DEFINES_MODULE = YES;
				DEVELOPMENT_TEAM = G3GED29J33;
				DYLIB_COMPATIBILITY_VERSION = 1;
				DYLIB_CURRENT_VERSION = 1;
				DYLIB_INSTALL_NAME_BASE = "@rpath";
				INFOPLIST_FILE = "$(SRCROOT)/MetaData/Info.plist";
				INSTALL_PATH = "$(LOCAL_LIBRARY_DIR)/Frameworks";
				IPHONEOS_DEPLOYMENT_TARGET = 12.1;
				LD_RUNPATH_SEARCH_PATHS = (
					"$(inherited)",
					"@executable_path/Frameworks",
					"@loader_path/Frameworks",
				);
				PRODUCT_BUNDLE_IDENTIFIER = "com.jabt.PathKit-iOS";
				PRODUCT_NAME = "$(TARGET_NAME:c99extidentifier)";
				SDKROOT = iphoneos;
				SKIP_INSTALL = YES;
				SWIFT_VERSION = 5.0;
				TARGETED_DEVICE_FAMILY = "1,2";
			};
			name = Debug;
		};
		9FE96180220D5AF600D5F0A9 /* Release */ = {
			isa = XCBuildConfiguration;
			buildSettings = {
				CODE_SIGN_IDENTITY = "";
				CODE_SIGN_STYLE = Automatic;
				DEFINES_MODULE = YES;
				DEVELOPMENT_TEAM = G3GED29J33;
				DYLIB_COMPATIBILITY_VERSION = 1;
				DYLIB_CURRENT_VERSION = 1;
				DYLIB_INSTALL_NAME_BASE = "@rpath";
				INFOPLIST_FILE = "$(SRCROOT)/MetaData/Info.plist";
				INSTALL_PATH = "$(LOCAL_LIBRARY_DIR)/Frameworks";
				IPHONEOS_DEPLOYMENT_TARGET = 12.1;
				LD_RUNPATH_SEARCH_PATHS = (
					"$(inherited)",
					"@executable_path/Frameworks",
					"@loader_path/Frameworks",
				);
				PRODUCT_BUNDLE_IDENTIFIER = "com.jabt.PathKit-iOS";
				PRODUCT_NAME = "$(TARGET_NAME:c99extidentifier)";
				SDKROOT = iphoneos;
				SKIP_INSTALL = YES;
				SWIFT_VERSION = 5.0;
				TARGETED_DEVICE_FAMILY = "1,2";
				VALIDATE_PRODUCT = YES;
			};
			name = Release;
		};
		9FE96182220D5AF600D5F0A9 /* Debug */ = {
			isa = XCBuildConfiguration;
			buildSettings = {
				ALWAYS_EMBED_SWIFT_STANDARD_LIBRARIES = YES;
				CODE_SIGN_IDENTITY = "";
				CODE_SIGN_STYLE = Automatic;
				DEVELOPMENT_TEAM = G3GED29J33;
				INFOPLIST_FILE = MetaData/TestsInfo.plist;
				IPHONEOS_DEPLOYMENT_TARGET = 12.1;
				LD_RUNPATH_SEARCH_PATHS = (
					"$(inherited)",
					"@executable_path/Frameworks",
					"@loader_path/Frameworks",
				);
				PRODUCT_BUNDLE_IDENTIFIER = "com.jabt.PathKit-iOSTests";
				PRODUCT_NAME = "$(TARGET_NAME)";
				SDKROOT = iphoneos;
				SWIFT_VERSION = 5.0;
				TARGETED_DEVICE_FAMILY = "1,2";
			};
			name = Debug;
		};
		9FE96183220D5AF600D5F0A9 /* Release */ = {
			isa = XCBuildConfiguration;
			buildSettings = {
				ALWAYS_EMBED_SWIFT_STANDARD_LIBRARIES = YES;
				CODE_SIGN_IDENTITY = "";
				CODE_SIGN_STYLE = Automatic;
				DEVELOPMENT_TEAM = G3GED29J33;
				INFOPLIST_FILE = MetaData/TestsInfo.plist;
				IPHONEOS_DEPLOYMENT_TARGET = 12.1;
				LD_RUNPATH_SEARCH_PATHS = (
					"$(inherited)",
					"@executable_path/Frameworks",
					"@loader_path/Frameworks",
				);
				PRODUCT_BUNDLE_IDENTIFIER = "com.jabt.PathKit-iOSTests";
				PRODUCT_NAME = "$(TARGET_NAME)";
				SDKROOT = iphoneos;
				SWIFT_VERSION = 5.0;
				TARGETED_DEVICE_FAMILY = "1,2";
				VALIDATE_PRODUCT = YES;
			};
			name = Release;
		};
		A6F885C321F79C6700FFC5A1 /* Debug */ = {
			isa = XCBuildConfiguration;
			buildSettings = {
				ALWAYS_SEARCH_USER_PATHS = NO;
				CLANG_ANALYZER_NONNULL = YES;
				CLANG_ANALYZER_NUMBER_OBJECT_CONVERSION = YES_AGGRESSIVE;
				CLANG_CXX_LANGUAGE_STANDARD = "gnu++14";
				CLANG_CXX_LIBRARY = "libc++";
				CLANG_ENABLE_MODULES = YES;
				CLANG_ENABLE_OBJC_ARC = YES;
				CLANG_ENABLE_OBJC_WEAK = YES;
				CLANG_WARN_BLOCK_CAPTURE_AUTORELEASING = YES;
				CLANG_WARN_BOOL_CONVERSION = YES;
				CLANG_WARN_COMMA = YES;
				CLANG_WARN_CONSTANT_CONVERSION = YES;
				CLANG_WARN_DEPRECATED_OBJC_IMPLEMENTATIONS = YES;
				CLANG_WARN_DIRECT_OBJC_ISA_USAGE = YES_ERROR;
				CLANG_WARN_DOCUMENTATION_COMMENTS = YES;
				CLANG_WARN_EMPTY_BODY = YES;
				CLANG_WARN_ENUM_CONVERSION = YES;
				CLANG_WARN_INFINITE_RECURSION = YES;
				CLANG_WARN_INT_CONVERSION = YES;
				CLANG_WARN_NON_LITERAL_NULL_CONVERSION = YES;
				CLANG_WARN_OBJC_IMPLICIT_RETAIN_SELF = YES;
				CLANG_WARN_OBJC_LITERAL_CONVERSION = YES;
				CLANG_WARN_OBJC_ROOT_CLASS = YES_ERROR;
				CLANG_WARN_RANGE_LOOP_ANALYSIS = YES;
				CLANG_WARN_STRICT_PROTOTYPES = YES;
				CLANG_WARN_SUSPICIOUS_MOVE = YES;
				CLANG_WARN_UNGUARDED_AVAILABILITY = YES_AGGRESSIVE;
				CLANG_WARN_UNREACHABLE_CODE = YES;
				CLANG_WARN__DUPLICATE_METHOD_MATCH = YES;
				CODE_SIGN_IDENTITY = "";
				COPY_PHASE_STRIP = NO;
				CURRENT_PROJECT_VERSION = 1;
				DEBUG_INFORMATION_FORMAT = dwarf;
				ENABLE_STRICT_OBJC_MSGSEND = YES;
				ENABLE_TESTABILITY = YES;
				GCC_C_LANGUAGE_STANDARD = gnu11;
				GCC_DYNAMIC_NO_PIC = NO;
				GCC_NO_COMMON_BLOCKS = YES;
				GCC_OPTIMIZATION_LEVEL = 0;
				GCC_PREPROCESSOR_DEFINITIONS = (
					"DEBUG=1",
					"$(inherited)",
				);
				GCC_WARN_64_TO_32_BIT_CONVERSION = YES;
				GCC_WARN_ABOUT_RETURN_TYPE = YES_ERROR;
				GCC_WARN_UNDECLARED_SELECTOR = YES;
				GCC_WARN_UNINITIALIZED_AUTOS = YES_AGGRESSIVE;
				GCC_WARN_UNUSED_FUNCTION = YES;
				GCC_WARN_UNUSED_VARIABLE = YES;
				MACOSX_DEPLOYMENT_TARGET = 10.14;
				MTL_ENABLE_DEBUG_INFO = INCLUDE_SOURCE;
				MTL_FAST_MATH = YES;
				ONLY_ACTIVE_ARCH = YES;
				SDKROOT = macosx;
				SWIFT_ACTIVE_COMPILATION_CONDITIONS = DEBUG;
				SWIFT_OPTIMIZATION_LEVEL = "-Onone";
				SWIFT_VERSION = 5.0;
				VERSIONING_SYSTEM = "apple-generic";
				VERSION_INFO_PREFIX = "";
			};
			name = Debug;
		};
		A6F885C421F79C6700FFC5A1 /* Release */ = {
			isa = XCBuildConfiguration;
			buildSettings = {
				ALWAYS_SEARCH_USER_PATHS = NO;
				CLANG_ANALYZER_NONNULL = YES;
				CLANG_ANALYZER_NUMBER_OBJECT_CONVERSION = YES_AGGRESSIVE;
				CLANG_CXX_LANGUAGE_STANDARD = "gnu++14";
				CLANG_CXX_LIBRARY = "libc++";
				CLANG_ENABLE_MODULES = YES;
				CLANG_ENABLE_OBJC_ARC = YES;
				CLANG_ENABLE_OBJC_WEAK = YES;
				CLANG_WARN_BLOCK_CAPTURE_AUTORELEASING = YES;
				CLANG_WARN_BOOL_CONVERSION = YES;
				CLANG_WARN_COMMA = YES;
				CLANG_WARN_CONSTANT_CONVERSION = YES;
				CLANG_WARN_DEPRECATED_OBJC_IMPLEMENTATIONS = YES;
				CLANG_WARN_DIRECT_OBJC_ISA_USAGE = YES_ERROR;
				CLANG_WARN_DOCUMENTATION_COMMENTS = YES;
				CLANG_WARN_EMPTY_BODY = YES;
				CLANG_WARN_ENUM_CONVERSION = YES;
				CLANG_WARN_INFINITE_RECURSION = YES;
				CLANG_WARN_INT_CONVERSION = YES;
				CLANG_WARN_NON_LITERAL_NULL_CONVERSION = YES;
				CLANG_WARN_OBJC_IMPLICIT_RETAIN_SELF = YES;
				CLANG_WARN_OBJC_LITERAL_CONVERSION = YES;
				CLANG_WARN_OBJC_ROOT_CLASS = YES_ERROR;
				CLANG_WARN_RANGE_LOOP_ANALYSIS = YES;
				CLANG_WARN_STRICT_PROTOTYPES = YES;
				CLANG_WARN_SUSPICIOUS_MOVE = YES;
				CLANG_WARN_UNGUARDED_AVAILABILITY = YES_AGGRESSIVE;
				CLANG_WARN_UNREACHABLE_CODE = YES;
				CLANG_WARN__DUPLICATE_METHOD_MATCH = YES;
				CODE_SIGN_IDENTITY = "";
				COPY_PHASE_STRIP = NO;
				CURRENT_PROJECT_VERSION = 1;
				DEBUG_INFORMATION_FORMAT = "dwarf-with-dsym";
				ENABLE_NS_ASSERTIONS = NO;
				ENABLE_STRICT_OBJC_MSGSEND = YES;
				GCC_C_LANGUAGE_STANDARD = gnu11;
				GCC_NO_COMMON_BLOCKS = YES;
				GCC_WARN_64_TO_32_BIT_CONVERSION = YES;
				GCC_WARN_ABOUT_RETURN_TYPE = YES_ERROR;
				GCC_WARN_UNDECLARED_SELECTOR = YES;
				GCC_WARN_UNINITIALIZED_AUTOS = YES_AGGRESSIVE;
				GCC_WARN_UNUSED_FUNCTION = YES;
				GCC_WARN_UNUSED_VARIABLE = YES;
				MACOSX_DEPLOYMENT_TARGET = 10.14;
				MTL_ENABLE_DEBUG_INFO = NO;
				MTL_FAST_MATH = YES;
				SDKROOT = macosx;
				SWIFT_COMPILATION_MODE = wholemodule;
				SWIFT_OPTIMIZATION_LEVEL = "-O";
				SWIFT_VERSION = 5.0;
				VERSIONING_SYSTEM = "apple-generic";
				VERSION_INFO_PREFIX = "";
			};
			name = Release;
		};
/* End XCBuildConfiguration section */

/* Begin XCConfigurationList section */
		9FE9611F220D596700D5F0A9 /* Build configuration list for PBXNativeTarget "PathKit_OSX" */ = {
			isa = XCConfigurationList;
			buildConfigurations = (
				9FE96120220D596700D5F0A9 /* Debug */,
				9FE96121220D596700D5F0A9 /* Release */,
			);
			defaultConfigurationIsVisible = 0;
			defaultConfigurationName = Release;
		};
		9FE96122220D596700D5F0A9 /* Build configuration list for PBXNativeTarget "PathKit_OSXTests" */ = {
			isa = XCConfigurationList;
			buildConfigurations = (
				9FE96123220D596700D5F0A9 /* Debug */,
				9FE96124220D596700D5F0A9 /* Release */,
			);
			defaultConfigurationIsVisible = 0;
			defaultConfigurationName = Release;
		};
		9FE96148220D59CD00D5F0A9 /* Build configuration list for PBXNativeTarget "PathKit_tvOS" */ = {
			isa = XCConfigurationList;
			buildConfigurations = (
				9FE96149220D59CD00D5F0A9 /* Debug */,
				9FE9614A220D59CD00D5F0A9 /* Release */,
			);
			defaultConfigurationIsVisible = 0;
			defaultConfigurationName = Release;
		};
		9FE9614B220D59CD00D5F0A9 /* Build configuration list for PBXNativeTarget "PathKit_tvOSTests" */ = {
			isa = XCConfigurationList;
			buildConfigurations = (
				9FE9614C220D59CD00D5F0A9 /* Debug */,
				9FE9614D220D59CD00D5F0A9 /* Release */,
			);
			defaultConfigurationIsVisible = 0;
			defaultConfigurationName = Release;
		};
		9FE9617E220D5AF600D5F0A9 /* Build configuration list for PBXNativeTarget "PathKit_iOS" */ = {
			isa = XCConfigurationList;
			buildConfigurations = (
				9FE9617F220D5AF600D5F0A9 /* Debug */,
				9FE96180220D5AF600D5F0A9 /* Release */,
			);
			defaultConfigurationIsVisible = 0;
			defaultConfigurationName = Release;
		};
		9FE96181220D5AF600D5F0A9 /* Build configuration list for PBXNativeTarget "PathKit_iOSTests" */ = {
			isa = XCConfigurationList;
			buildConfigurations = (
				9FE96182220D5AF600D5F0A9 /* Debug */,
				9FE96183220D5AF600D5F0A9 /* Release */,
			);
			defaultConfigurationIsVisible = 0;
			defaultConfigurationName = Release;
		};
		A6F885B721F79C6700FFC5A1 /* Build configuration list for PBXProject "PathKit" */ = {
			isa = XCConfigurationList;
			buildConfigurations = (
				A6F885C321F79C6700FFC5A1 /* Debug */,
				A6F885C421F79C6700FFC5A1 /* Release */,
			);
			defaultConfigurationIsVisible = 0;
			defaultConfigurationName = Release;
		};
/* End XCConfigurationList section */
	};
	rootObject = A6F885B421F79C6700FFC5A1 /* Project object */;
}
